// !$*UTF8*$!
{
	archiveVersion = 1;
	classes = {
	};
	objectVersion = 46;
	objects = {

/* Begin PBXAggregateTarget section */
		203FB7FF1B4114BD000D3B43 /* Documentation */ = {
			isa = PBXAggregateTarget;
			buildConfigurationList = 203FB8071B4114BD000D3B43 /* Build configuration list for PBXAggregateTarget "Documentation" */;
			buildPhases = (
				203FB8081B4114C3000D3B43 /* ShellScript */,
			);
			dependencies = (
			);
			name = Documentation;
			productName = Documentation;
		};
/* End PBXAggregateTarget section */

/* Begin PBXBuildFile section */
		202DBEE91AF6713E00B0CE67 /* CurryFireImages.xcassets in Resources */ = {isa = PBXBuildFile; fileRef = 202DBEE81AF6713E00B0CE67 /* CurryFireImages.xcassets */; };
		2038C3FE1DF28B4700F760F9 /* curryfireTV.h in Headers */ = {isa = PBXBuildFile; fileRef = 2038C3FC1DF28B4700F760F9 /* curryfireTV.h */; settings = {ATTRIBUTES = (Public, ); }; };
		2038C4101DF28B9200F760F9 /* ShortHand.h in Headers */ = {isa = PBXBuildFile; fileRef = 2069BC5D1AE14C3E00F6D355 /* ShortHand.h */; settings = {ATTRIBUTES = (Public, ); }; };
		2038C4121DF28BB700F760F9 /* TKAnimatedCounterLabel.h in Headers */ = {isa = PBXBuildFile; fileRef = 20B288891AF2E8DE00B4FEE7 /* TKAnimatedCounterLabel.h */; settings = {ATTRIBUTES = (Public, ); }; };
		2038C4131DF28BBB00F760F9 /* TKAnimatedCounterLabel.m in Sources */ = {isa = PBXBuildFile; fileRef = 20B2888A1AF2E8DE00B4FEE7 /* TKAnimatedCounterLabel.m */; };
		2038C4141DF28BC200F760F9 /* TKAnimatedImageView.swift in Sources */ = {isa = PBXBuildFile; fileRef = 20FEDF3E1D99C90600DB52FE /* TKAnimatedImageView.swift */; };
		2038C4151DF28BC600F760F9 /* TKProgressRingView.h in Headers */ = {isa = PBXBuildFile; fileRef = 20CB9CDB1AF3C036002E9F1C /* TKProgressRingView.h */; settings = {ATTRIBUTES = (Public, ); }; };
		2038C4161DF28BCA00F760F9 /* TKProgressRingView.m in Sources */ = {isa = PBXBuildFile; fileRef = 20CB9CDC1AF3C036002E9F1C /* TKProgressRingView.m */; };
		2038C4171DF28BD200F760F9 /* TKShimmerLabel.swift in Sources */ = {isa = PBXBuildFile; fileRef = 2069C15B1D8B3FB7000BD656 /* TKShimmerLabel.swift */; };
		2038C4181DF28BE300F760F9 /* UIView+TwelvePrinciples.swift in Sources */ = {isa = PBXBuildFile; fileRef = 207E91B71D884B0600EECF1D /* UIView+TwelvePrinciples.swift */; };
		2038C41A1DF28CD600F760F9 /* UIView+Confetti.h in Headers */ = {isa = PBXBuildFile; fileRef = 20AF03281AE848480065E3FF /* UIView+Confetti.h */; settings = {ATTRIBUTES = (Public, ); }; };
		2038C41B1DF28CDA00F760F9 /* UIView+Confetti.m in Sources */ = {isa = PBXBuildFile; fileRef = 20AF03291AE848480065E3FF /* UIView+Confetti.m */; };
		2038C4201DF28DC000F760F9 /* Header.h in Headers */ = {isa = PBXBuildFile; fileRef = 2069BC251AE09DFA00F6D355 /* Header.h */; settings = {ATTRIBUTES = (Public, ); }; };
		2038C4211DF28DDF00F760F9 /* curryTV.framework in Frameworks */ = {isa = PBXBuildFile; fileRef = 20CEA4EB1BA151D10009D60C /* curryTV.framework */; };
		20612D8F1D99D5590046BACD /* TKMoveScreenEdgeGestureRecognizer.swift in Sources */ = {isa = PBXBuildFile; fileRef = 20612D8E1D99D5590046BACD /* TKMoveScreenEdgeGestureRecognizer.swift */; };
		20612DAD1D99E5990046BACD /* UIView+Confetti.swift in Sources */ = {isa = PBXBuildFile; fileRef = 20612DAC1D99E5990046BACD /* UIView+Confetti.swift */; };
		2067AFA21AE957790097E3AE /* TKNavigationTransistionController.h in Headers */ = {isa = PBXBuildFile; fileRef = 2067AFA01AE957790097E3AE /* TKNavigationTransistionController.h */; settings = {ATTRIBUTES = (Public, ); }; };
		2067AFA31AE957790097E3AE /* TKNavigationTransistionController.m in Sources */ = {isa = PBXBuildFile; fileRef = 2067AFA11AE957790097E3AE /* TKNavigationTransistionController.m */; };
		2069BB661AE095CA00F6D355 /* curryfire.h in Headers */ = {isa = PBXBuildFile; fileRef = 2069BB651AE095CA00F6D355 /* curryfire.h */; settings = {ATTRIBUTES = (Public, ); }; };
		2069BC261AE09DFA00F6D355 /* Header.h in Headers */ = {isa = PBXBuildFile; fileRef = 2069BC251AE09DFA00F6D355 /* Header.h */; settings = {ATTRIBUTES = (Public, ); }; };
		2069BC2F1AE0A1C800F6D355 /* TKMoveGestureRecognizer.h in Headers */ = {isa = PBXBuildFile; fileRef = 2069BC2D1AE0A1C800F6D355 /* TKMoveGestureRecognizer.h */; settings = {ATTRIBUTES = (Public, ); }; };
		2069BC301AE0A1C800F6D355 /* TKMoveGestureRecognizer.m in Sources */ = {isa = PBXBuildFile; fileRef = 2069BC2E1AE0A1C800F6D355 /* TKMoveGestureRecognizer.m */; };
		2069BC5E1AE14C3E00F6D355 /* ShortHand.h in Headers */ = {isa = PBXBuildFile; fileRef = 2069BC5D1AE14C3E00F6D355 /* ShortHand.h */; settings = {ATTRIBUTES = (Public, ); }; };
		2069C1141D8AE5FF000BD656 /* TKLoadingView.swift in Sources */ = {isa = PBXBuildFile; fileRef = 2069C1131D8AE5FF000BD656 /* TKLoadingView.swift */; };
		2069C1361D8B0EAE000BD656 /* UIScreenEdgePanGestureRecognizer.swift in Sources */ = {isa = PBXBuildFile; fileRef = 2069C1351D8B0EAE000BD656 /* UIScreenEdgePanGestureRecognizer.swift */; };
		2069C1431D8B1374000BD656 /* TKBounceBehavior.swift in Sources */ = {isa = PBXBuildFile; fileRef = 2069C1421D8B1374000BD656 /* TKBounceBehavior.swift */; };
		2069C1531D8B27A1000BD656 /* TKGlowButton.swift in Sources */ = {isa = PBXBuildFile; fileRef = 2069C1521D8B27A1000BD656 /* TKGlowButton.swift */; };
		2069C1581D8B2ED9000BD656 /* POPSpringAnimation+Initializer.swift in Sources */ = {isa = PBXBuildFile; fileRef = 2069C1571D8B2ED9000BD656 /* POPSpringAnimation+Initializer.swift */; };
		2069C15A1D8B324F000BD656 /* TKPagedScrollView.swift in Sources */ = {isa = PBXBuildFile; fileRef = 2069C1591D8B324F000BD656 /* TKPagedScrollView.swift */; };
		2069C15C1D8B3FB7000BD656 /* TKShimmerLabel.swift in Sources */ = {isa = PBXBuildFile; fileRef = 2069C15B1D8B3FB7000BD656 /* TKShimmerLabel.swift */; };
		2069C16B1D8B4AC1000BD656 /* UIView+Material.swift in Sources */ = {isa = PBXBuildFile; fileRef = 2069C16A1D8B4AC1000BD656 /* UIView+Material.swift */; };
		2069C16D1D8B4EDF000BD656 /* TKPegSlider.swift in Sources */ = {isa = PBXBuildFile; fileRef = 2069C16C1D8B4EDF000BD656 /* TKPegSlider.swift */; };
		2077EF281B3C94C500A4928F /* curry.framework in Frameworks */ = {isa = PBXBuildFile; fileRef = 20556EBE1B3C93140051CA1F /* curry.framework */; };
		207E91B81D884B0600EECF1D /* UIView+TwelvePrinciples.swift in Sources */ = {isa = PBXBuildFile; fileRef = 207E91B71D884B0600EECF1D /* UIView+TwelvePrinciples.swift */; };
		20A545E91D95D27300DF2D0A /* TKInteractiveMoveTransition.h in Headers */ = {isa = PBXBuildFile; fileRef = 20A545E71D95D27300DF2D0A /* TKInteractiveMoveTransition.h */; settings = {ATTRIBUTES = (Public, ); }; };
		20A545EA1D95D27300DF2D0A /* TKInteractiveMoveTransition.m in Sources */ = {isa = PBXBuildFile; fileRef = 20A545E81D95D27300DF2D0A /* TKInteractiveMoveTransition.m */; };
		20AF032A1AE848480065E3FF /* UIView+Confetti.h in Headers */ = {isa = PBXBuildFile; fileRef = 20AF03281AE848480065E3FF /* UIView+Confetti.h */; settings = {ATTRIBUTES = (Public, ); }; };
		20AF032B1AE848480065E3FF /* UIView+Confetti.m in Sources */ = {isa = PBXBuildFile; fileRef = 20AF03291AE848480065E3FF /* UIView+Confetti.m */; };
		20B2888B1AF2E8DE00B4FEE7 /* TKAnimatedCounterLabel.h in Headers */ = {isa = PBXBuildFile; fileRef = 20B288891AF2E8DE00B4FEE7 /* TKAnimatedCounterLabel.h */; settings = {ATTRIBUTES = (Public, ); }; };
		20B2888C1AF2E8DE00B4FEE7 /* TKAnimatedCounterLabel.m in Sources */ = {isa = PBXBuildFile; fileRef = 20B2888A1AF2E8DE00B4FEE7 /* TKAnimatedCounterLabel.m */; };
		20CB9CDD1AF3C036002E9F1C /* TKProgressRingView.h in Headers */ = {isa = PBXBuildFile; fileRef = 20CB9CDB1AF3C036002E9F1C /* TKProgressRingView.h */; settings = {ATTRIBUTES = (Public, ); }; };
		20CB9CDE1AF3C036002E9F1C /* TKProgressRingView.m in Sources */ = {isa = PBXBuildFile; fileRef = 20CB9CDC1AF3C036002E9F1C /* TKProgressRingView.m */; };
		20DBDA4E1BB4DC99008BB36D /* pop.framework in Frameworks */ = {isa = PBXBuildFile; fileRef = 20556ECC1B3C93180051CA1F /* pop.framework */; };
		20FEDF2D1D9993AE00DB52FE /* TKSlideToUnlockView.swift in Sources */ = {isa = PBXBuildFile; fileRef = 20FEDF2C1D9993AE00DB52FE /* TKSlideToUnlockView.swift */; };
		20FEDF3A1D99A0CE00DB52FE /* TKMultiSwitch.swift in Sources */ = {isa = PBXBuildFile; fileRef = 20FEDF391D99A0CE00DB52FE /* TKMultiSwitch.swift */; };
		20FEDF3D1D99BD3C00DB52FE /* TKPageControl.swift in Sources */ = {isa = PBXBuildFile; fileRef = 20FEDF3C1D99BD3C00DB52FE /* TKPageControl.swift */; };
		20FEDF3F1D99C90600DB52FE /* TKAnimatedImageView.swift in Sources */ = {isa = PBXBuildFile; fileRef = 20FEDF3E1D99C90600DB52FE /* TKAnimatedImageView.swift */; };
/* End PBXBuildFile section */

/* Begin PBXContainerItemProxy section */
		2025B0B51C42FAA7000EFC0D /* PBXContainerItemProxy */ = {
			isa = PBXContainerItemProxy;
			containerPortal = 20556EC11B3C93180051CA1F /* pop.xcodeproj */;
			proxyType = 2;
			remoteGlobalIDString = 0755AE4F1BEA15950094AB41;
			remoteInfo = "pop-tvos-framework";
		};
		2025B0B71C42FAA7000EFC0D /* PBXContainerItemProxy */ = {
			isa = PBXContainerItemProxy;
			containerPortal = 20556EC11B3C93180051CA1F /* pop.xcodeproj */;
			proxyType = 2;
			remoteGlobalIDString = 0755AE8C1BEA19580094AB41;
			remoteInfo = "pop-tests-tvos";
		};
		20556EBD1B3C93140051CA1F /* PBXContainerItemProxy */ = {
			isa = PBXContainerItemProxy;
			containerPortal = 20556EB81B3C93130051CA1F /* curry.xcodeproj */;
			proxyType = 2;
			remoteGlobalIDString = 200B62551AD7FB460049E35C;
			remoteInfo = curry;
		};
		20556EBF1B3C93140051CA1F /* PBXContainerItemProxy */ = {
			isa = PBXContainerItemProxy;
			containerPortal = 20556EB81B3C93130051CA1F /* curry.xcodeproj */;
			proxyType = 2;
			remoteGlobalIDString = 200B62601AD7FB460049E35C;
			remoteInfo = curryTests;
		};
		20556EC91B3C93180051CA1F /* PBXContainerItemProxy */ = {
			isa = PBXContainerItemProxy;
			containerPortal = 20556EC11B3C93180051CA1F /* pop.xcodeproj */;
			proxyType = 2;
			remoteGlobalIDString = EC191218162FB53A00E0CC76;
			remoteInfo = "pop-ios-static";
		};
		20556ECB1B3C93180051CA1F /* PBXContainerItemProxy */ = {
			isa = PBXContainerItemProxy;
			containerPortal = 20556EC11B3C93180051CA1F /* pop.xcodeproj */;
			proxyType = 2;
			remoteGlobalIDString = 0B6BE74819FFD3B900762101;
			remoteInfo = "pop-ios-framework";
		};
		20556ECD1B3C93180051CA1F /* PBXContainerItemProxy */ = {
			isa = PBXContainerItemProxy;
			containerPortal = 20556EC11B3C93180051CA1F /* pop.xcodeproj */;
			proxyType = 2;
			remoteGlobalIDString = EC68857F18C7B60000C6194C;
			remoteInfo = "pop-osx-framework";
		};
		20556ECF1B3C93180051CA1F /* PBXContainerItemProxy */ = {
			isa = PBXContainerItemProxy;
			containerPortal = 20556EC11B3C93180051CA1F /* pop.xcodeproj */;
			proxyType = 2;
			remoteGlobalIDString = ECF01ED318C92B7F009E0AD1;
			remoteInfo = "pop-tests-ios";
		};
		20556ED11B3C93180051CA1F /* PBXContainerItemProxy */ = {
			isa = PBXContainerItemProxy;
			containerPortal = 20556EC11B3C93180051CA1F /* pop.xcodeproj */;
			proxyType = 2;
			remoteGlobalIDString = EC7E319918C93D6500B38170;
			remoteInfo = "pop-tests-osx";
		};
		2077EF2A1B3C94E500A4928F /* PBXContainerItemProxy */ = {
			isa = PBXContainerItemProxy;
			containerPortal = 20556EC11B3C93180051CA1F /* pop.xcodeproj */;
			proxyType = 1;
			remoteGlobalIDString = 0B6BE74719FFD3B900762101;
			remoteInfo = "pop-ios-framework";
		};
		2077EF2C1B3C94E500A4928F /* PBXContainerItemProxy */ = {
			isa = PBXContainerItemProxy;
			containerPortal = 20556EB81B3C93130051CA1F /* curry.xcodeproj */;
			proxyType = 1;
			remoteGlobalIDString = 200B62541AD7FB450049E35C;
			remoteInfo = curry;
		};
		20CEA4EA1BA151D10009D60C /* PBXContainerItemProxy */ = {
			isa = PBXContainerItemProxy;
			containerPortal = 20556EB81B3C93130051CA1F /* curry.xcodeproj */;
			proxyType = 2;
			remoteGlobalIDString = 20CEA42B1BA1105D0009D60C;
			remoteInfo = curryTV;
		};
		20DBDA461BB4DC95008BB36D /* PBXContainerItemProxy */ = {
			isa = PBXContainerItemProxy;
			containerPortal = 20556EB81B3C93130051CA1F /* curry.xcodeproj */;
			proxyType = 2;
			remoteGlobalIDString = 2010DCB01BB0E40E00810A98;
			remoteInfo = curryWatch;
		};
		20DBDA481BB4DC95008BB36D /* PBXContainerItemProxy */ = {
			isa = PBXContainerItemProxy;
			containerPortal = 20556EB81B3C93130051CA1F /* curry.xcodeproj */;
			proxyType = 2;
			remoteGlobalIDString = 20B5FE1F1BB3613F00C0F848;
			remoteInfo = curryMac;
		};
/* End PBXContainerItemProxy section */

/* Begin PBXFileReference section */
		202DBEE81AF6713E00B0CE67 /* CurryFireImages.xcassets */ = {isa = PBXFileReference; lastKnownFileType = folder.assetcatalog; path = CurryFireImages.xcassets; sourceTree = "<group>"; };
		2038C3FA1DF28B4700F760F9 /* curryfireTV.framework */ = {isa = PBXFileReference; explicitFileType = wrapper.framework; includeInIndex = 0; path = curryfireTV.framework; sourceTree = BUILT_PRODUCTS_DIR; };
		2038C3FC1DF28B4700F760F9 /* curryfireTV.h */ = {isa = PBXFileReference; lastKnownFileType = sourcecode.c.h; path = curryfireTV.h; sourceTree = "<group>"; };
		2038C3FD1DF28B4700F760F9 /* Info.plist */ = {isa = PBXFileReference; lastKnownFileType = text.plist.xml; path = Info.plist; sourceTree = "<group>"; };
		20556EB81B3C93130051CA1F /* curry.xcodeproj */ = {isa = PBXFileReference; lastKnownFileType = "wrapper.pb-project"; name = curry.xcodeproj; path = Vendor/curry/curry.xcodeproj; sourceTree = SOURCE_ROOT; };
		20556EC11B3C93180051CA1F /* pop.xcodeproj */ = {isa = PBXFileReference; lastKnownFileType = "wrapper.pb-project"; name = pop.xcodeproj; path = Vendor/pop/pop.xcodeproj; sourceTree = SOURCE_ROOT; };
		20612D8E1D99D5590046BACD /* TKMoveScreenEdgeGestureRecognizer.swift */ = {isa = PBXFileReference; fileEncoding = 4; lastKnownFileType = sourcecode.swift; path = TKMoveScreenEdgeGestureRecognizer.swift; sourceTree = "<group>"; };
		20612DAC1D99E5990046BACD /* UIView+Confetti.swift */ = {isa = PBXFileReference; fileEncoding = 4; lastKnownFileType = sourcecode.swift; path = "UIView+Confetti.swift"; sourceTree = "<group>"; };
		2067AFA01AE957790097E3AE /* TKNavigationTransistionController.h */ = {isa = PBXFileReference; fileEncoding = 4; lastKnownFileType = sourcecode.c.h; path = TKNavigationTransistionController.h; sourceTree = "<group>"; };
		2067AFA11AE957790097E3AE /* TKNavigationTransistionController.m */ = {isa = PBXFileReference; fileEncoding = 4; lastKnownFileType = sourcecode.c.objc; path = TKNavigationTransistionController.m; sourceTree = "<group>"; };
		2069BB601AE095CA00F6D355 /* curryfire.framework */ = {isa = PBXFileReference; explicitFileType = wrapper.framework; includeInIndex = 0; path = curryfire.framework; sourceTree = BUILT_PRODUCTS_DIR; };
		2069BB641AE095CA00F6D355 /* Info.plist */ = {isa = PBXFileReference; lastKnownFileType = text.plist.xml; path = Info.plist; sourceTree = "<group>"; };
		2069BB651AE095CA00F6D355 /* curryfire.h */ = {isa = PBXFileReference; lastKnownFileType = sourcecode.c.h; path = curryfire.h; sourceTree = "<group>"; };
		2069BC251AE09DFA00F6D355 /* Header.h */ = {isa = PBXFileReference; fileEncoding = 4; lastKnownFileType = sourcecode.c.h; path = Header.h; sourceTree = "<group>"; };
		2069BC2D1AE0A1C800F6D355 /* TKMoveGestureRecognizer.h */ = {isa = PBXFileReference; fileEncoding = 4; lastKnownFileType = sourcecode.c.h; path = TKMoveGestureRecognizer.h; sourceTree = "<group>"; };
		2069BC2E1AE0A1C800F6D355 /* TKMoveGestureRecognizer.m */ = {isa = PBXFileReference; fileEncoding = 4; lastKnownFileType = sourcecode.c.objc; path = TKMoveGestureRecognizer.m; sourceTree = "<group>"; };
		2069BC5D1AE14C3E00F6D355 /* ShortHand.h */ = {isa = PBXFileReference; fileEncoding = 4; lastKnownFileType = sourcecode.c.h; path = ShortHand.h; sourceTree = "<group>"; };
		2069C1131D8AE5FF000BD656 /* TKLoadingView.swift */ = {isa = PBXFileReference; fileEncoding = 4; lastKnownFileType = sourcecode.swift; path = TKLoadingView.swift; sourceTree = "<group>"; };
		2069C1351D8B0EAE000BD656 /* UIScreenEdgePanGestureRecognizer.swift */ = {isa = PBXFileReference; fileEncoding = 4; lastKnownFileType = sourcecode.swift; path = UIScreenEdgePanGestureRecognizer.swift; sourceTree = "<group>"; };
		2069C1421D8B1374000BD656 /* TKBounceBehavior.swift */ = {isa = PBXFileReference; fileEncoding = 4; lastKnownFileType = sourcecode.swift; path = TKBounceBehavior.swift; sourceTree = "<group>"; };
		2069C1521D8B27A1000BD656 /* TKGlowButton.swift */ = {isa = PBXFileReference; fileEncoding = 4; lastKnownFileType = sourcecode.swift; path = TKGlowButton.swift; sourceTree = "<group>"; };
		2069C1571D8B2ED9000BD656 /* POPSpringAnimation+Initializer.swift */ = {isa = PBXFileReference; fileEncoding = 4; lastKnownFileType = sourcecode.swift; path = "POPSpringAnimation+Initializer.swift"; sourceTree = "<group>"; };
		2069C1591D8B324F000BD656 /* TKPagedScrollView.swift */ = {isa = PBXFileReference; fileEncoding = 4; lastKnownFileType = sourcecode.swift; path = TKPagedScrollView.swift; sourceTree = "<group>"; };
		2069C15B1D8B3FB7000BD656 /* TKShimmerLabel.swift */ = {isa = PBXFileReference; fileEncoding = 4; lastKnownFileType = sourcecode.swift; path = TKShimmerLabel.swift; sourceTree = "<group>"; };
		2069C16A1D8B4AC1000BD656 /* UIView+Material.swift */ = {isa = PBXFileReference; fileEncoding = 4; lastKnownFileType = sourcecode.swift; path = "UIView+Material.swift"; sourceTree = "<group>"; };
		2069C16C1D8B4EDF000BD656 /* TKPegSlider.swift */ = {isa = PBXFileReference; fileEncoding = 4; lastKnownFileType = sourcecode.swift; path = TKPegSlider.swift; sourceTree = "<group>"; };
		207E91B71D884B0600EECF1D /* UIView+TwelvePrinciples.swift */ = {isa = PBXFileReference; fileEncoding = 4; lastKnownFileType = sourcecode.swift; path = "UIView+TwelvePrinciples.swift"; sourceTree = "<group>"; };
		20A545E71D95D27300DF2D0A /* TKInteractiveMoveTransition.h */ = {isa = PBXFileReference; fileEncoding = 4; lastKnownFileType = sourcecode.c.h; path = TKInteractiveMoveTransition.h; sourceTree = "<group>"; };
		20A545E81D95D27300DF2D0A /* TKInteractiveMoveTransition.m */ = {isa = PBXFileReference; fileEncoding = 4; lastKnownFileType = sourcecode.c.objc; path = TKInteractiveMoveTransition.m; sourceTree = "<group>"; };
		20AF03281AE848480065E3FF /* UIView+Confetti.h */ = {isa = PBXFileReference; fileEncoding = 4; lastKnownFileType = sourcecode.c.h; path = "UIView+Confetti.h"; sourceTree = "<group>"; };
		20AF03291AE848480065E3FF /* UIView+Confetti.m */ = {isa = PBXFileReference; fileEncoding = 4; lastKnownFileType = sourcecode.c.objc; path = "UIView+Confetti.m"; sourceTree = "<group>"; };
		20B288891AF2E8DE00B4FEE7 /* TKAnimatedCounterLabel.h */ = {isa = PBXFileReference; fileEncoding = 4; lastKnownFileType = sourcecode.c.h; path = TKAnimatedCounterLabel.h; sourceTree = "<group>"; };
		20B2888A1AF2E8DE00B4FEE7 /* TKAnimatedCounterLabel.m */ = {isa = PBXFileReference; fileEncoding = 4; lastKnownFileType = sourcecode.c.objc; path = TKAnimatedCounterLabel.m; sourceTree = "<group>"; };
		20CB9CDB1AF3C036002E9F1C /* TKProgressRingView.h */ = {isa = PBXFileReference; fileEncoding = 4; lastKnownFileType = sourcecode.c.h; path = TKProgressRingView.h; sourceTree = "<group>"; };
		20CB9CDC1AF3C036002E9F1C /* TKProgressRingView.m */ = {isa = PBXFileReference; fileEncoding = 4; lastKnownFileType = sourcecode.c.objc; path = TKProgressRingView.m; sourceTree = "<group>"; };
		20FEDF2C1D9993AE00DB52FE /* TKSlideToUnlockView.swift */ = {isa = PBXFileReference; fileEncoding = 4; lastKnownFileType = sourcecode.swift; path = TKSlideToUnlockView.swift; sourceTree = "<group>"; };
		20FEDF391D99A0CE00DB52FE /* TKMultiSwitch.swift */ = {isa = PBXFileReference; fileEncoding = 4; lastKnownFileType = sourcecode.swift; path = TKMultiSwitch.swift; sourceTree = "<group>"; };
		20FEDF3C1D99BD3C00DB52FE /* TKPageControl.swift */ = {isa = PBXFileReference; fileEncoding = 4; lastKnownFileType = sourcecode.swift; path = TKPageControl.swift; sourceTree = "<group>"; };
		20FEDF3E1D99C90600DB52FE /* TKAnimatedImageView.swift */ = {isa = PBXFileReference; fileEncoding = 4; lastKnownFileType = sourcecode.swift; path = TKAnimatedImageView.swift; sourceTree = "<group>"; };
/* End PBXFileReference section */

/* Begin PBXFrameworksBuildPhase section */
		2038C3F61DF28B4700F760F9 /* Frameworks */ = {
			isa = PBXFrameworksBuildPhase;
			buildActionMask = 2147483647;
			files = (
				2038C4211DF28DDF00F760F9 /* curryTV.framework in Frameworks */,
			);
			runOnlyForDeploymentPostprocessing = 0;
		};
		2069BB5C1AE095CA00F6D355 /* Frameworks */ = {
			isa = PBXFrameworksBuildPhase;
			buildActionMask = 2147483647;
			files = (
				20DBDA4E1BB4DC99008BB36D /* pop.framework in Frameworks */,
				2077EF281B3C94C500A4928F /* curry.framework in Frameworks */,
			);
			runOnlyForDeploymentPostprocessing = 0;
		};
/* End PBXFrameworksBuildPhase section */

/* Begin PBXGroup section */
		2038C3FB1DF28B4700F760F9 /* curryfireTV */ = {
			isa = PBXGroup;
			children = (
				2038C3FC1DF28B4700F760F9 /* curryfireTV.h */,
				2038C3FD1DF28B4700F760F9 /* Info.plist */,
			);
			path = curryfireTV;
			sourceTree = "<group>";
		};
		20556EB91B3C93130051CA1F /* Products */ = {
			isa = PBXGroup;
			children = (
				20556EBE1B3C93140051CA1F /* curry.framework */,
				20556EC01B3C93140051CA1F /* curryTests.xctest */,
				20CEA4EB1BA151D10009D60C /* curryTV.framework */,
				20DBDA471BB4DC95008BB36D /* curryWatch.framework */,
				20DBDA491BB4DC95008BB36D /* curryMac.framework */,
			);
			name = Products;
			sourceTree = "<group>";
		};
		20556EC21B3C93180051CA1F /* Products */ = {
			isa = PBXGroup;
			children = (
				20556ECA1B3C93180051CA1F /* libpop.a */,
				20556ECC1B3C93180051CA1F /* pop.framework */,
				20556ECE1B3C93180051CA1F /* pop.framework */,
				2025B0B61C42FAA7000EFC0D /* pop.framework */,
				20556ED01B3C93180051CA1F /* pop-tests.xctest */,
				20556ED21B3C93180051CA1F /* pop-tests.xctest */,
				2025B0B81C42FAA7000EFC0D /* pop-tests.xctest */,
			);
			name = Products;
			sourceTree = "<group>";
		};
		2069BB561AE095CA00F6D355 = {
			isa = PBXGroup;
			children = (
				2069BB621AE095CA00F6D355 /* curryfire */,
				2038C3FB1DF28B4700F760F9 /* curryfireTV */,
				2069BB611AE095CA00F6D355 /* Products */,
			);
			sourceTree = "<group>";
		};
		2069BB611AE095CA00F6D355 /* Products */ = {
			isa = PBXGroup;
			children = (
				2069BB601AE095CA00F6D355 /* curryfire.framework */,
				2038C3FA1DF28B4700F760F9 /* curryfireTV.framework */,
			);
			name = Products;
			sourceTree = "<group>";
		};
		2069BB621AE095CA00F6D355 /* curryfire */ = {
			isa = PBXGroup;
			children = (
				2069BC271AE09E0700F6D355 /* curryfire */,
				2069BB8A1AE0970200F6D355 /* Vendor */,
				2069BB631AE095CA00F6D355 /* Supporting Files */,
			);
			path = curryfire;
			sourceTree = "<group>";
		};
		2069BB631AE095CA00F6D355 /* Supporting Files */ = {
			isa = PBXGroup;
			children = (
				2069BB641AE095CA00F6D355 /* Info.plist */,
				202DBEE81AF6713E00B0CE67 /* CurryFireImages.xcassets */,
			);
			name = "Supporting Files";
			sourceTree = "<group>";
		};
		2069BB8A1AE0970200F6D355 /* Vendor */ = {
			isa = PBXGroup;
			children = (
				20556EC11B3C93180051CA1F /* pop.xcodeproj */,
				20556EB81B3C93130051CA1F /* curry.xcodeproj */,
			);
			name = Vendor;
			sourceTree = "<group>";
		};
		2069BC271AE09E0700F6D355 /* curryfire */ = {
			isa = PBXGroup;
			children = (
				2069BB651AE095CA00F6D355 /* curryfire.h */,
				2069BC251AE09DFA00F6D355 /* Header.h */,
				2069BC5D1AE14C3E00F6D355 /* ShortHand.h */,
				2069BC2D1AE0A1C800F6D355 /* TKMoveGestureRecognizer.h */,
				2069BC2E1AE0A1C800F6D355 /* TKMoveGestureRecognizer.m */,
				20612D8E1D99D5590046BACD /* TKMoveScreenEdgeGestureRecognizer.swift */,
				20A545E71D95D27300DF2D0A /* TKInteractiveMoveTransition.h */,
				20A545E81D95D27300DF2D0A /* TKInteractiveMoveTransition.m */,
				2067AFA01AE957790097E3AE /* TKNavigationTransistionController.h */,
				2067AFA11AE957790097E3AE /* TKNavigationTransistionController.m */,
				20B288891AF2E8DE00B4FEE7 /* TKAnimatedCounterLabel.h */,
				20B2888A1AF2E8DE00B4FEE7 /* TKAnimatedCounterLabel.m */,
				20FEDF3E1D99C90600DB52FE /* TKAnimatedImageView.swift */,
				20CB9CDB1AF3C036002E9F1C /* TKProgressRingView.h */,
				20CB9CDC1AF3C036002E9F1C /* TKProgressRingView.m */,
				2069C1131D8AE5FF000BD656 /* TKLoadingView.swift */,
				2069C1521D8B27A1000BD656 /* TKGlowButton.swift */,
				20FEDF3C1D99BD3C00DB52FE /* TKPageControl.swift */,
				2069C15B1D8B3FB7000BD656 /* TKShimmerLabel.swift */,
				20FEDF2C1D9993AE00DB52FE /* TKSlideToUnlockView.swift */,
				2069C16C1D8B4EDF000BD656 /* TKPegSlider.swift */,
				20FEDF391D99A0CE00DB52FE /* TKMultiSwitch.swift */,
				2069C1421D8B1374000BD656 /* TKBounceBehavior.swift */,
				2069C1591D8B324F000BD656 /* TKPagedScrollView.swift */,
				2069BC6D1AE1634100F6D355 /* Categories */,
			);
			name = curryfire;
			sourceTree = "<group>";
		};
		2069BC6D1AE1634100F6D355 /* Categories */ = {
			isa = PBXGroup;
			children = (
				2069C16A1D8B4AC1000BD656 /* UIView+Material.swift */,
				207E91B71D884B0600EECF1D /* UIView+TwelvePrinciples.swift */,
				20612DAC1D99E5990046BACD /* UIView+Confetti.swift */,
				20AF03281AE848480065E3FF /* UIView+Confetti.h */,
				20AF03291AE848480065E3FF /* UIView+Confetti.m */,
				2069C1571D8B2ED9000BD656 /* POPSpringAnimation+Initializer.swift */,
				2069C1351D8B0EAE000BD656 /* UIScreenEdgePanGestureRecognizer.swift */,
			);
			name = Categories;
			sourceTree = "<group>";
		};
/* End PBXGroup section */

/* Begin PBXHeadersBuildPhase section */
		2038C3F71DF28B4700F760F9 /* Headers */ = {
			isa = PBXHeadersBuildPhase;
			buildActionMask = 2147483647;
			files = (
				2038C4101DF28B9200F760F9 /* ShortHand.h in Headers */,
				2038C4151DF28BC600F760F9 /* TKProgressRingView.h in Headers */,
				2038C3FE1DF28B4700F760F9 /* curryfireTV.h in Headers */,
				2038C4201DF28DC000F760F9 /* Header.h in Headers */,
				2038C4121DF28BB700F760F9 /* TKAnimatedCounterLabel.h in Headers */,
				2038C41A1DF28CD600F760F9 /* UIView+Confetti.h in Headers */,
			);
			runOnlyForDeploymentPostprocessing = 0;
		};
		2069BB5D1AE095CA00F6D355 /* Headers */ = {
			isa = PBXHeadersBuildPhase;
			buildActionMask = 2147483647;
			files = (
				20A545E91D95D27300DF2D0A /* TKInteractiveMoveTransition.h in Headers */,
				2069BB661AE095CA00F6D355 /* curryfire.h in Headers */,
				2069BC2F1AE0A1C800F6D355 /* TKMoveGestureRecognizer.h in Headers */,
				2069BC261AE09DFA00F6D355 /* Header.h in Headers */,
				2069BC5E1AE14C3E00F6D355 /* ShortHand.h in Headers */,
				2067AFA21AE957790097E3AE /* TKNavigationTransistionController.h in Headers */,
				20B2888B1AF2E8DE00B4FEE7 /* TKAnimatedCounterLabel.h in Headers */,
				20AF032A1AE848480065E3FF /* UIView+Confetti.h in Headers */,
				20CB9CDD1AF3C036002E9F1C /* TKProgressRingView.h in Headers */,
			);
			runOnlyForDeploymentPostprocessing = 0;
		};
/* End PBXHeadersBuildPhase section */

/* Begin PBXNativeTarget section */
		2038C3F91DF28B4700F760F9 /* curryfireTV */ = {
			isa = PBXNativeTarget;
			buildConfigurationList = 2038C40C1DF28B4700F760F9 /* Build configuration list for PBXNativeTarget "curryfireTV" */;
			buildPhases = (
				2038C3F51DF28B4700F760F9 /* Sources */,
				2038C3F61DF28B4700F760F9 /* Frameworks */,
				2038C3F71DF28B4700F760F9 /* Headers */,
				2038C3F81DF28B4700F760F9 /* Resources */,
			);
			buildRules = (
			);
			dependencies = (
			);
			name = curryfireTV;
			productName = curryfireTV;
			productReference = 2038C3FA1DF28B4700F760F9 /* curryfireTV.framework */;
			productType = "com.apple.product-type.framework";
		};
		2069BB5F1AE095CA00F6D355 /* curryfire */ = {
			isa = PBXNativeTarget;
			buildConfigurationList = 2069BB761AE095CA00F6D355 /* Build configuration list for PBXNativeTarget "curryfire" */;
			buildPhases = (
				2069BB5B1AE095CA00F6D355 /* Sources */,
				2069BB5C1AE095CA00F6D355 /* Frameworks */,
				2069BB5D1AE095CA00F6D355 /* Headers */,
				2069BB5E1AE095CA00F6D355 /* Resources */,
			);
			buildRules = (
			);
			dependencies = (
				2077EF2B1B3C94E500A4928F /* PBXTargetDependency */,
				2077EF2D1B3C94E500A4928F /* PBXTargetDependency */,
			);
			name = curryfire;
			productName = curryfire;
			productReference = 2069BB601AE095CA00F6D355 /* curryfire.framework */;
			productType = "com.apple.product-type.framework";
		};
/* End PBXNativeTarget section */

/* Begin PBXProject section */
		2069BB571AE095CA00F6D355 /* Project object */ = {
			isa = PBXProject;
			attributes = {
				LastUpgradeCheck = 0900;
				ORGANIZATIONNAME = "Devin Ross";
				TargetAttributes = {
					2038C3F91DF28B4700F760F9 = {
						CreatedOnToolsVersion = 8.1;
						LastSwiftMigration = 0810;
						ProvisioningStyle = Manual;
					};
					203FB7FF1B4114BD000D3B43 = {
						CreatedOnToolsVersion = 6.3.2;
					};
					2069BB5F1AE095CA00F6D355 = {
						CreatedOnToolsVersion = 6.3;
						LastSwiftMigration = 0900;
					};
				};
			};
			buildConfigurationList = 2069BB5A1AE095CA00F6D355 /* Build configuration list for PBXProject "curryfire" */;
			compatibilityVersion = "Xcode 3.2";
			developmentRegion = English;
			hasScannedForEncodings = 0;
			knownRegions = (
				en,
			);
			mainGroup = 2069BB561AE095CA00F6D355;
			productRefGroup = 2069BB611AE095CA00F6D355 /* Products */;
			projectDirPath = "";
			projectReferences = (
				{
					ProductGroup = 20556EB91B3C93130051CA1F /* Products */;
					ProjectRef = 20556EB81B3C93130051CA1F /* curry.xcodeproj */;
				},
				{
					ProductGroup = 20556EC21B3C93180051CA1F /* Products */;
					ProjectRef = 20556EC11B3C93180051CA1F /* pop.xcodeproj */;
				},
			);
			projectRoot = "";
			targets = (
				2069BB5F1AE095CA00F6D355 /* curryfire */,
				2038C3F91DF28B4700F760F9 /* curryfireTV */,
				203FB7FF1B4114BD000D3B43 /* Documentation */,
			);
		};
/* End PBXProject section */

/* Begin PBXReferenceProxy section */
		2025B0B61C42FAA7000EFC0D /* pop.framework */ = {
			isa = PBXReferenceProxy;
			fileType = wrapper.framework;
			path = pop.framework;
			remoteRef = 2025B0B51C42FAA7000EFC0D /* PBXContainerItemProxy */;
			sourceTree = BUILT_PRODUCTS_DIR;
		};
		2025B0B81C42FAA7000EFC0D /* pop-tests.xctest */ = {
			isa = PBXReferenceProxy;
			fileType = wrapper.cfbundle;
			path = "pop-tests.xctest";
			remoteRef = 2025B0B71C42FAA7000EFC0D /* PBXContainerItemProxy */;
			sourceTree = BUILT_PRODUCTS_DIR;
		};
		20556EBE1B3C93140051CA1F /* curry.framework */ = {
			isa = PBXReferenceProxy;
			fileType = wrapper.framework;
			path = curry.framework;
			remoteRef = 20556EBD1B3C93140051CA1F /* PBXContainerItemProxy */;
			sourceTree = BUILT_PRODUCTS_DIR;
		};
		20556EC01B3C93140051CA1F /* curryTests.xctest */ = {
			isa = PBXReferenceProxy;
			fileType = wrapper.cfbundle;
			path = curryTests.xctest;
			remoteRef = 20556EBF1B3C93140051CA1F /* PBXContainerItemProxy */;
			sourceTree = BUILT_PRODUCTS_DIR;
		};
		20556ECA1B3C93180051CA1F /* libpop.a */ = {
			isa = PBXReferenceProxy;
			fileType = archive.ar;
			path = libpop.a;
			remoteRef = 20556EC91B3C93180051CA1F /* PBXContainerItemProxy */;
			sourceTree = BUILT_PRODUCTS_DIR;
		};
		20556ECC1B3C93180051CA1F /* pop.framework */ = {
			isa = PBXReferenceProxy;
			fileType = wrapper.framework;
			path = pop.framework;
			remoteRef = 20556ECB1B3C93180051CA1F /* PBXContainerItemProxy */;
			sourceTree = BUILT_PRODUCTS_DIR;
		};
		20556ECE1B3C93180051CA1F /* pop.framework */ = {
			isa = PBXReferenceProxy;
			fileType = wrapper.framework;
			path = pop.framework;
			remoteRef = 20556ECD1B3C93180051CA1F /* PBXContainerItemProxy */;
			sourceTree = BUILT_PRODUCTS_DIR;
		};
		20556ED01B3C93180051CA1F /* pop-tests.xctest */ = {
			isa = PBXReferenceProxy;
			fileType = wrapper.cfbundle;
			path = "pop-tests.xctest";
			remoteRef = 20556ECF1B3C93180051CA1F /* PBXContainerItemProxy */;
			sourceTree = BUILT_PRODUCTS_DIR;
		};
		20556ED21B3C93180051CA1F /* pop-tests.xctest */ = {
			isa = PBXReferenceProxy;
			fileType = wrapper.cfbundle;
			path = "pop-tests.xctest";
			remoteRef = 20556ED11B3C93180051CA1F /* PBXContainerItemProxy */;
			sourceTree = BUILT_PRODUCTS_DIR;
		};
		20CEA4EB1BA151D10009D60C /* curryTV.framework */ = {
			isa = PBXReferenceProxy;
			fileType = wrapper.framework;
			path = curryTV.framework;
			remoteRef = 20CEA4EA1BA151D10009D60C /* PBXContainerItemProxy */;
			sourceTree = BUILT_PRODUCTS_DIR;
		};
		20DBDA471BB4DC95008BB36D /* curryWatch.framework */ = {
			isa = PBXReferenceProxy;
			fileType = wrapper.framework;
			path = curryWatch.framework;
			remoteRef = 20DBDA461BB4DC95008BB36D /* PBXContainerItemProxy */;
			sourceTree = BUILT_PRODUCTS_DIR;
		};
		20DBDA491BB4DC95008BB36D /* curryMac.framework */ = {
			isa = PBXReferenceProxy;
			fileType = wrapper.framework;
			path = curryMac.framework;
			remoteRef = 20DBDA481BB4DC95008BB36D /* PBXContainerItemProxy */;
			sourceTree = BUILT_PRODUCTS_DIR;
		};
/* End PBXReferenceProxy section */

/* Begin PBXResourcesBuildPhase section */
		2038C3F81DF28B4700F760F9 /* Resources */ = {
			isa = PBXResourcesBuildPhase;
			buildActionMask = 2147483647;
			files = (
			);
			runOnlyForDeploymentPostprocessing = 0;
		};
		2069BB5E1AE095CA00F6D355 /* Resources */ = {
			isa = PBXResourcesBuildPhase;
			buildActionMask = 2147483647;
			files = (
				202DBEE91AF6713E00B0CE67 /* CurryFireImages.xcassets in Resources */,
			);
			runOnlyForDeploymentPostprocessing = 0;
		};
/* End PBXResourcesBuildPhase section */

/* Begin PBXShellScriptBuildPhase section */
		203FB8081B4114C3000D3B43 /* ShellScript */ = {
			isa = PBXShellScriptBuildPhase;
			buildActionMask = 2147483647;
			files = (
			);
			inputPaths = (
			);
			outputPaths = (
			);
			runOnlyForDeploymentPostprocessing = 0;
			shellPath = /bin/sh;
			shellScript = "#appledoc Xcode script\n# Start constants\ncompany=\"DevinRoss\";\ncompanyID=\"com.devinross\";\ncompanyURL=\"http://devinross.com\";\ntarget=\"iphoneos\";\n#target=\"macosx\";\noutputPath=\"~/Docs\";\n\n# End constants\n/usr/local/bin/appledoc \\\n--project-name \"${PROJECT_NAME}\" \\\n--project-company \"${company}\" \\\n--company-id \"${companyID}\" \\\n--docset-atom-filename \"${company}.atom\" \\\n--docset-feed-url \"${companyURL}/${company}/%DOCSETATOMFILENAME\" \\\n--docset-package-url \"${companyURL}/${company}/%DOCSETPACKAGEFILENAME\" \\\n--docset-fallback-url \"${companyURL}/${company}\" \\\n--publish-docset \\\n--docset-platform-family \"${target}\" \\\n--logformat xcode \\\n--keep-intermediate-files \\\n--no-repeat-first-par \\\n--no-warn-invalid-crossref \\\n--exit-threshold 2 \\\n--output \"~/Docs\" \\\n\"${PROJECT_DIR}/curryfire\"";
		};
/* End PBXShellScriptBuildPhase section */

/* Begin PBXSourcesBuildPhase section */
		2038C3F51DF28B4700F760F9 /* Sources */ = {
			isa = PBXSourcesBuildPhase;
			buildActionMask = 2147483647;
			files = (
				2038C41B1DF28CDA00F760F9 /* UIView+Confetti.m in Sources */,
				2038C4181DF28BE300F760F9 /* UIView+TwelvePrinciples.swift in Sources */,
				2038C4141DF28BC200F760F9 /* TKAnimatedImageView.swift in Sources */,
				2038C4131DF28BBB00F760F9 /* TKAnimatedCounterLabel.m in Sources */,
				2038C4161DF28BCA00F760F9 /* TKProgressRingView.m in Sources */,
				2038C4171DF28BD200F760F9 /* TKShimmerLabel.swift in Sources */,
			);
			runOnlyForDeploymentPostprocessing = 0;
		};
		2069BB5B1AE095CA00F6D355 /* Sources */ = {
			isa = PBXSourcesBuildPhase;
			buildActionMask = 2147483647;
			files = (
				20612D8F1D99D5590046BACD /* TKMoveScreenEdgeGestureRecognizer.swift in Sources */,
				20FEDF3F1D99C90600DB52FE /* TKAnimatedImageView.swift in Sources */,
				2069C1431D8B1374000BD656 /* TKBounceBehavior.swift in Sources */,
				2069C15C1D8B3FB7000BD656 /* TKShimmerLabel.swift in Sources */,
				2069C1361D8B0EAE000BD656 /* UIScreenEdgePanGestureRecognizer.swift in Sources */,
				20FEDF2D1D9993AE00DB52FE /* TKSlideToUnlockView.swift in Sources */,
				20B2888C1AF2E8DE00B4FEE7 /* TKAnimatedCounterLabel.m in Sources */,
				20AF032B1AE848480065E3FF /* UIView+Confetti.m in Sources */,
				2069C16B1D8B4AC1000BD656 /* UIView+Material.swift in Sources */,
				2069C1581D8B2ED9000BD656 /* POPSpringAnimation+Initializer.swift in Sources */,
				2069BC301AE0A1C800F6D355 /* TKMoveGestureRecognizer.m in Sources */,
				20A545EA1D95D27300DF2D0A /* TKInteractiveMoveTransition.m in Sources */,
				2069C16D1D8B4EDF000BD656 /* TKPegSlider.swift in Sources */,
				2069C1141D8AE5FF000BD656 /* TKLoadingView.swift in Sources */,
				20612DAD1D99E5990046BACD /* UIView+Confetti.swift in Sources */,
				20FEDF3A1D99A0CE00DB52FE /* TKMultiSwitch.swift in Sources */,
				207E91B81D884B0600EECF1D /* UIView+TwelvePrinciples.swift in Sources */,
				2067AFA31AE957790097E3AE /* TKNavigationTransistionController.m in Sources */,
				2069C1531D8B27A1000BD656 /* TKGlowButton.swift in Sources */,
				2069C15A1D8B324F000BD656 /* TKPagedScrollView.swift in Sources */,
				20CB9CDE1AF3C036002E9F1C /* TKProgressRingView.m in Sources */,
				20FEDF3D1D99BD3C00DB52FE /* TKPageControl.swift in Sources */,
			);
			runOnlyForDeploymentPostprocessing = 0;
		};
/* End PBXSourcesBuildPhase section */

/* Begin PBXTargetDependency section */
		2077EF2B1B3C94E500A4928F /* PBXTargetDependency */ = {
			isa = PBXTargetDependency;
			name = "pop-ios-framework";
			targetProxy = 2077EF2A1B3C94E500A4928F /* PBXContainerItemProxy */;
		};
		2077EF2D1B3C94E500A4928F /* PBXTargetDependency */ = {
			isa = PBXTargetDependency;
			name = curry;
			targetProxy = 2077EF2C1B3C94E500A4928F /* PBXContainerItemProxy */;
		};
/* End PBXTargetDependency section */

/* Begin XCBuildConfiguration section */
		2038C3FF1DF28B4700F760F9 /* Debug */ = {
			isa = XCBuildConfiguration;
			buildSettings = {
				CLANG_ANALYZER_NONNULL = YES;
				CLANG_WARN_DOCUMENTATION_COMMENTS = YES;
				CLANG_WARN_SUSPICIOUS_MOVES = YES;
				CODE_SIGN_IDENTITY = "";
				DEBUG_INFORMATION_FORMAT = dwarf;
				DEFINES_MODULE = YES;
				DEVELOPMENT_TEAM = "";
				DYLIB_COMPATIBILITY_VERSION = 1;
				DYLIB_CURRENT_VERSION = 1;
				DYLIB_INSTALL_NAME_BASE = "@rpath";
				INFOPLIST_FILE = curryfireTV/Info.plist;
				INSTALL_PATH = "$(LOCAL_LIBRARY_DIR)/Frameworks";
				LD_RUNPATH_SEARCH_PATHS = "$(inherited) @executable_path/Frameworks @loader_path/Frameworks";
				PRODUCT_BUNDLE_IDENTIFIER = com.devinross.curryfireTV;
				PRODUCT_NAME = "$(TARGET_NAME)";
				SDKROOT = appletvos;
				SKIP_INSTALL = YES;
				SWIFT_SWIFT3_OBJC_INFERENCE = Off;
				SWIFT_VERSION = 3.0;
				TARGETED_DEVICE_FAMILY = 3;
				TVOS_DEPLOYMENT_TARGET = 10.0;
			};
			name = Debug;
		};
		2038C4001DF28B4700F760F9 /* Release */ = {
			isa = XCBuildConfiguration;
			buildSettings = {
				CLANG_ANALYZER_NONNULL = YES;
				CLANG_WARN_DOCUMENTATION_COMMENTS = YES;
				CLANG_WARN_SUSPICIOUS_MOVES = YES;
				CODE_SIGN_IDENTITY = "";
				DEFINES_MODULE = YES;
				DEVELOPMENT_TEAM = "";
				DYLIB_COMPATIBILITY_VERSION = 1;
				DYLIB_CURRENT_VERSION = 1;
				DYLIB_INSTALL_NAME_BASE = "@rpath";
				INFOPLIST_FILE = curryfireTV/Info.plist;
				INSTALL_PATH = "$(LOCAL_LIBRARY_DIR)/Frameworks";
				LD_RUNPATH_SEARCH_PATHS = "$(inherited) @executable_path/Frameworks @loader_path/Frameworks";
				PRODUCT_BUNDLE_IDENTIFIER = com.devinross.curryfireTV;
				PRODUCT_NAME = "$(TARGET_NAME)";
				SDKROOT = appletvos;
				SKIP_INSTALL = YES;
				SWIFT_SWIFT3_OBJC_INFERENCE = Off;
				SWIFT_VERSION = 3.0;
				TARGETED_DEVICE_FAMILY = 3;
				TVOS_DEPLOYMENT_TARGET = 10.0;
			};
			name = Release;
		};
		203FB8001B4114BD000D3B43 /* Debug */ = {
			isa = XCBuildConfiguration;
			buildSettings = {
				PRODUCT_NAME = "$(TARGET_NAME)";
			};
			name = Debug;
		};
		203FB8011B4114BD000D3B43 /* Release */ = {
			isa = XCBuildConfiguration;
			buildSettings = {
				PRODUCT_NAME = "$(TARGET_NAME)";
			};
			name = Release;
		};
		2069BB741AE095CA00F6D355 /* Debug */ = {
			isa = XCBuildConfiguration;
			buildSettings = {
				ALWAYS_SEARCH_USER_PATHS = NO;
				CLANG_ALLOW_NON_MODULAR_INCLUDES_IN_FRAMEWORK_MODULES = YES;
				CLANG_CXX_LANGUAGE_STANDARD = "gnu++0x";
				CLANG_CXX_LIBRARY = "libc++";
				CLANG_ENABLE_MODULES = YES;
				CLANG_ENABLE_OBJC_ARC = YES;
				CLANG_WARN_BLOCK_CAPTURE_AUTORELEASING = YES;
				CLANG_WARN_BOOL_CONVERSION = YES;
				CLANG_WARN_COMMA = YES;
				CLANG_WARN_CONSTANT_CONVERSION = YES;
				CLANG_WARN_DIRECT_OBJC_ISA_USAGE = YES_ERROR;
				CLANG_WARN_EMPTY_BODY = YES;
				CLANG_WARN_ENUM_CONVERSION = YES;
				CLANG_WARN_INFINITE_RECURSION = YES;
				CLANG_WARN_INT_CONVERSION = YES;
				CLANG_WARN_NON_LITERAL_NULL_CONVERSION = YES;
				CLANG_WARN_OBJC_LITERAL_CONVERSION = YES;
				CLANG_WARN_OBJC_ROOT_CLASS = YES_ERROR;
				CLANG_WARN_RANGE_LOOP_ANALYSIS = YES;
				CLANG_WARN_STRICT_PROTOTYPES = YES;
				CLANG_WARN_SUSPICIOUS_MOVE = YES;
				CLANG_WARN_UNREACHABLE_CODE = YES;
				CLANG_WARN__DUPLICATE_METHOD_MATCH = YES;
				"CODE_SIGN_IDENTITY[sdk=iphoneos*]" = "iPhone Developer";
				COPY_PHASE_STRIP = NO;
				CURRENT_PROJECT_VERSION = 1;
				DEBUG_INFORMATION_FORMAT = "dwarf-with-dsym";
				ENABLE_STRICT_OBJC_MSGSEND = YES;
				ENABLE_TESTABILITY = YES;
				GCC_C_LANGUAGE_STANDARD = gnu99;
				GCC_DYNAMIC_NO_PIC = NO;
				GCC_NO_COMMON_BLOCKS = YES;
				GCC_OPTIMIZATION_LEVEL = 0;
				GCC_PREPROCESSOR_DEFINITIONS = (
					"DEBUG=1",
					"$(inherited)",
				);
				GCC_SYMBOLS_PRIVATE_EXTERN = NO;
				GCC_WARN_64_TO_32_BIT_CONVERSION = YES;
				GCC_WARN_ABOUT_RETURN_TYPE = YES_ERROR;
				GCC_WARN_UNDECLARED_SELECTOR = YES;
				GCC_WARN_UNINITIALIZED_AUTOS = YES_AGGRESSIVE;
				GCC_WARN_UNUSED_FUNCTION = YES;
				GCC_WARN_UNUSED_VARIABLE = YES;
				IPHONEOS_DEPLOYMENT_TARGET = 8.0;
				MTL_ENABLE_DEBUG_INFO = YES;
				ONLY_ACTIVE_ARCH = YES;
				SDKROOT = iphoneos;
				TARGETED_DEVICE_FAMILY = "1,2";
				VERSIONING_SYSTEM = "apple-generic";
				VERSION_INFO_PREFIX = "";
			};
			name = Debug;
		};
		2069BB751AE095CA00F6D355 /* Release */ = {
			isa = XCBuildConfiguration;
			buildSettings = {
				ALWAYS_SEARCH_USER_PATHS = NO;
				CLANG_ALLOW_NON_MODULAR_INCLUDES_IN_FRAMEWORK_MODULES = YES;
				CLANG_CXX_LANGUAGE_STANDARD = "gnu++0x";
				CLANG_CXX_LIBRARY = "libc++";
				CLANG_ENABLE_MODULES = YES;
				CLANG_ENABLE_OBJC_ARC = YES;
				CLANG_WARN_BLOCK_CAPTURE_AUTORELEASING = YES;
				CLANG_WARN_BOOL_CONVERSION = YES;
				CLANG_WARN_COMMA = YES;
				CLANG_WARN_CONSTANT_CONVERSION = YES;
				CLANG_WARN_DIRECT_OBJC_ISA_USAGE = YES_ERROR;
				CLANG_WARN_EMPTY_BODY = YES;
				CLANG_WARN_ENUM_CONVERSION = YES;
				CLANG_WARN_INFINITE_RECURSION = YES;
				CLANG_WARN_INT_CONVERSION = YES;
				CLANG_WARN_NON_LITERAL_NULL_CONVERSION = YES;
				CLANG_WARN_OBJC_LITERAL_CONVERSION = YES;
				CLANG_WARN_OBJC_ROOT_CLASS = YES_ERROR;
				CLANG_WARN_RANGE_LOOP_ANALYSIS = YES;
				CLANG_WARN_STRICT_PROTOTYPES = YES;
				CLANG_WARN_SUSPICIOUS_MOVE = YES;
				CLANG_WARN_UNREACHABLE_CODE = YES;
				CLANG_WARN__DUPLICATE_METHOD_MATCH = YES;
				"CODE_SIGN_IDENTITY[sdk=iphoneos*]" = "iPhone Developer";
				COPY_PHASE_STRIP = NO;
				CURRENT_PROJECT_VERSION = 1;
				DEBUG_INFORMATION_FORMAT = "dwarf-with-dsym";
				ENABLE_NS_ASSERTIONS = NO;
				ENABLE_STRICT_OBJC_MSGSEND = YES;
				GCC_C_LANGUAGE_STANDARD = gnu99;
				GCC_NO_COMMON_BLOCKS = YES;
				GCC_WARN_64_TO_32_BIT_CONVERSION = YES;
				GCC_WARN_ABOUT_RETURN_TYPE = YES_ERROR;
				GCC_WARN_UNDECLARED_SELECTOR = YES;
				GCC_WARN_UNINITIALIZED_AUTOS = YES_AGGRESSIVE;
				GCC_WARN_UNUSED_FUNCTION = YES;
				GCC_WARN_UNUSED_VARIABLE = YES;
				IPHONEOS_DEPLOYMENT_TARGET = 8.0;
				MTL_ENABLE_DEBUG_INFO = NO;
				SDKROOT = iphoneos;
				SWIFT_OPTIMIZATION_LEVEL = "-Owholemodule";
				TARGETED_DEVICE_FAMILY = "1,2";
				VALIDATE_PRODUCT = YES;
				VERSIONING_SYSTEM = "apple-generic";
				VERSION_INFO_PREFIX = "";
			};
			name = Release;
		};
		2069BB771AE095CA00F6D355 /* Debug */ = {
			isa = XCBuildConfiguration;
			buildSettings = {
				CLANG_ALLOW_NON_MODULAR_INCLUDES_IN_FRAMEWORK_MODULES = YES;
				CLANG_ENABLE_MODULES = YES;
				"CODE_SIGN_IDENTITY[sdk=iphoneos*]" = "";
				DEFINES_MODULE = YES;
				DYLIB_COMPATIBILITY_VERSION = 1;
				DYLIB_CURRENT_VERSION = 1;
				DYLIB_INSTALL_NAME_BASE = "@rpath";
				FRAMEWORK_SEARCH_PATHS = "";
				HEADER_SEARCH_PATHS = "$(inherited)";
				INFOPLIST_FILE = curryfire/Info.plist;
				INSTALL_PATH = "$(LOCAL_LIBRARY_DIR)/Frameworks";
				LD_RUNPATH_SEARCH_PATHS = "$(inherited) @executable_path/Frameworks @loader_path/Frameworks";
				PRODUCT_BUNDLE_IDENTIFIER = "com.devinross.$(PRODUCT_NAME:rfc1034identifier)";
				PRODUCT_NAME = "$(TARGET_NAME)";
				SKIP_INSTALL = YES;
				SWIFT_OPTIMIZATION_LEVEL = "-Onone";
				SWIFT_SWIFT3_OBJC_INFERENCE = Off;
				SWIFT_VERSION = 4.0;
			};
			name = Debug;
		};
		2069BB781AE095CA00F6D355 /* Release */ = {
			isa = XCBuildConfiguration;
			buildSettings = {
				CLANG_ALLOW_NON_MODULAR_INCLUDES_IN_FRAMEWORK_MODULES = YES;
				CLANG_ENABLE_MODULES = YES;
				"CODE_SIGN_IDENTITY[sdk=iphoneos*]" = "";
				COPY_PHASE_STRIP = YES;
				DEFINES_MODULE = YES;
				DYLIB_COMPATIBILITY_VERSION = 1;
				DYLIB_CURRENT_VERSION = 1;
				DYLIB_INSTALL_NAME_BASE = "@rpath";
				FRAMEWORK_SEARCH_PATHS = "";
				HEADER_SEARCH_PATHS = "$(inherited)";
				INFOPLIST_FILE = curryfire/Info.plist;
				INSTALL_PATH = "$(LOCAL_LIBRARY_DIR)/Frameworks";
				LD_RUNPATH_SEARCH_PATHS = "$(inherited) @executable_path/Frameworks @loader_path/Frameworks";
				PRODUCT_BUNDLE_IDENTIFIER = "com.devinross.$(PRODUCT_NAME:rfc1034identifier)";
				PRODUCT_NAME = "$(TARGET_NAME)";
				SKIP_INSTALL = YES;
				SWIFT_SWIFT3_OBJC_INFERENCE = Off;
				SWIFT_VERSION = 4.0;
			};
			name = Release;
		};
/* End XCBuildConfiguration section */

/* Begin XCConfigurationList section */
		2038C40C1DF28B4700F760F9 /* Build configuration list for PBXNativeTarget "curryfireTV" */ = {
			isa = XCConfigurationList;
			buildConfigurations = (
				2038C3FF1DF28B4700F760F9 /* Debug */,
				2038C4001DF28B4700F760F9 /* Release */,
			);
			defaultConfigurationIsVisible = 0;
			defaultConfigurationName = Release;
		};
		203FB8071B4114BD000D3B43 /* Build configuration list for PBXAggregateTarget "Documentation" */ = {
			isa = XCConfigurationList;
			buildConfigurations = (
				203FB8001B4114BD000D3B43 /* Debug */,
				203FB8011B4114BD000D3B43 /* Release */,
			);
			defaultConfigurationIsVisible = 0;
			defaultConfigurationName = Release;
		};
		2069BB5A1AE095CA00F6D355 /* Build configuration list for PBXProject "curryfire" */ = {
			isa = XCConfigurationList;
			buildConfigurations = (
				2069BB741AE095CA00F6D355 /* Debug */,
				2069BB751AE095CA00F6D355 /* Release */,
			);
			defaultConfigurationIsVisible = 0;
			defaultConfigurationName = Release;
		};
		2069BB761AE095CA00F6D355 /* Build configuration list for PBXNativeTarget "curryfire" */ = {
			isa = XCConfigurationList;
			buildConfigurations = (
				2069BB771AE095CA00F6D355 /* Debug */,
				2069BB781AE095CA00F6D355 /* Release */,
			);
			defaultConfigurationIsVisible = 0;
			defaultConfigurationName = Release;
		};
/* End XCConfigurationList section */
	};
	rootObject = 2069BB571AE095CA00F6D355 /* Project object */;
}
