// !$*UTF8*$!
{
	archiveVersion = 1;
	classes = {
	};
	objectVersion = 46;
	objects = {

/* Begin PBXBuildFile section */
		2069BBB41AE0996800F6D355 /* ViewController.m in Sources */ = {isa = PBXBuildFile; fileRef = 2069BBB31AE0996800F6D355 /* ViewController.m */; };
		2069BBB91AE0996800F6D355 /* Images.xcassets in Resources */ = {isa = PBXBuildFile; fileRef = 2069BBB81AE0996800F6D355 /* Images.xcassets */; };
		2069BBD91AE099C200F6D355 /* curryfire.framework in Frameworks */ = {isa = PBXBuildFile; fileRef = 2069BBD81AE099A800F6D355 /* curryfire.framework */; };
		2069BC341AE0A2B000F6D355 /* AppDelegate.swift in Sources */ = {isa = PBXBuildFile; fileRef = 2069BC331AE0A2B000F6D355 /* AppDelegate.swift */; };
		2069BC3C1AE0B67400F6D355 /* curryfire.framework in Frameworks */ = {isa = PBXBuildFile; fileRef = 2069BBD81AE099A800F6D355 /* curryfire.framework */; };
		2069BC3D1AE0B67400F6D355 /* curryfire.framework in Embed Frameworks */ = {isa = PBXBuildFile; fileRef = 2069BBD81AE099A800F6D355 /* curryfire.framework */; settings = {ATTRIBUTES = (CodeSignOnCopy, RemoveHeadersOnCopy, ); }; };
		2069BC4B1AE0B6A700F6D355 /* pop.framework in Frameworks */ = {isa = PBXBuildFile; fileRef = 2069BC441AE0B68C00F6D355 /* pop.framework */; };
		2069BC4C1AE0B6A700F6D355 /* pop.framework in Embed Frameworks */ = {isa = PBXBuildFile; fileRef = 2069BC441AE0B68C00F6D355 /* pop.framework */; settings = {ATTRIBUTES = (CodeSignOnCopy, RemoveHeadersOnCopy, ); }; };
		2069BC4D1AE0B6A700F6D355 /* curry.framework in Frameworks */ = {isa = PBXBuildFile; fileRef = 2069BC411AE0B68C00F6D355 /* curry.framework */; };
		2069BC4E1AE0B6A700F6D355 /* curry.framework in Embed Frameworks */ = {isa = PBXBuildFile; fileRef = 2069BC411AE0B68C00F6D355 /* curry.framework */; settings = {ATTRIBUTES = (CodeSignOnCopy, RemoveHeadersOnCopy, ); }; };
/* End PBXBuildFile section */

/* Begin PBXContainerItemProxy section */
		2069BBD71AE099A800F6D355 /* PBXContainerItemProxy */ = {
			isa = PBXContainerItemProxy;
			containerPortal = 2069BBD11AE099A800F6D355 /* curryfire.xcodeproj */;
			proxyType = 2;
			remoteGlobalIDString = 2069BB601AE095CA00F6D355;
			remoteInfo = curryfire;
		};
		2069BC3E1AE0B67400F6D355 /* PBXContainerItemProxy */ = {
			isa = PBXContainerItemProxy;
			containerPortal = 2069BBD11AE099A800F6D355 /* curryfire.xcodeproj */;
			proxyType = 1;
			remoteGlobalIDString = 2069BB5F1AE095CA00F6D355;
			remoteInfo = curryfire;
		};
/* End PBXContainerItemProxy section */

/* Begin PBXCopyFilesBuildPhase section */
		2069BC401AE0B67400F6D355 /* Embed Frameworks */ = {
			isa = PBXCopyFilesBuildPhase;
			buildActionMask = 2147483647;
			dstPath = "";
			dstSubfolderSpec = 10;
			files = (
				2069BC4E1AE0B6A700F6D355 /* curry.framework in Embed Frameworks */,
				2069BC4C1AE0B6A700F6D355 /* pop.framework in Embed Frameworks */,
				2069BC3D1AE0B67400F6D355 /* curryfire.framework in Embed Frameworks */,
			);
			name = "Embed Frameworks";
			runOnlyForDeploymentPostprocessing = 0;
		};
/* End PBXCopyFilesBuildPhase section */

/* Begin PBXFileReference section */
		2069BBA81AE0996800F6D355 /* Examples.app */ = {isa = PBXFileReference; explicitFileType = wrapper.application; includeInIndex = 0; path = Examples.app; sourceTree = BUILT_PRODUCTS_DIR; };
		2069BBAC1AE0996800F6D355 /* Info.plist */ = {isa = PBXFileReference; lastKnownFileType = text.plist.xml; path = Info.plist; sourceTree = "<group>"; };
		2069BBB21AE0996800F6D355 /* ViewController.h */ = {isa = PBXFileReference; lastKnownFileType = sourcecode.c.h; path = ViewController.h; sourceTree = "<group>"; };
		2069BBB31AE0996800F6D355 /* ViewController.m */ = {isa = PBXFileReference; lastKnownFileType = sourcecode.c.objc; path = ViewController.m; sourceTree = "<group>"; };
		2069BBB81AE0996800F6D355 /* Images.xcassets */ = {isa = PBXFileReference; lastKnownFileType = folder.assetcatalog; path = Images.xcassets; sourceTree = "<group>"; };
		2069BBD11AE099A800F6D355 /* curryfire.xcodeproj */ = {isa = PBXFileReference; lastKnownFileType = "wrapper.pb-project"; name = curryfire.xcodeproj; path = ../curryfire.xcodeproj; sourceTree = "<group>"; };
		2069BC321AE0A2AF00F6D355 /* Examples-Bridging-Header.h */ = {isa = PBXFileReference; lastKnownFileType = sourcecode.c.h; path = "Examples-Bridging-Header.h"; sourceTree = "<group>"; };
		2069BC331AE0A2B000F6D355 /* AppDelegate.swift */ = {isa = PBXFileReference; fileEncoding = 4; lastKnownFileType = sourcecode.swift; path = AppDelegate.swift; sourceTree = "<group>"; };
		2069BC411AE0B68C00F6D355 /* curry.framework */ = {isa = PBXFileReference; explicitFileType = wrapper.framework; name = curry.framework; path = "/Users/devinross/Library/Developer/Xcode/DerivedData/Examples-bzxktyjkpyijutbaobkmiawdeozx/Build/Products/Debug-iphoneos/curry.framework"; sourceTree = "<absolute>"; };
		2069BC441AE0B68C00F6D355 /* pop.framework */ = {isa = PBXFileReference; explicitFileType = wrapper.framework; name = pop.framework; path = "/Users/devinross/Library/Developer/Xcode/DerivedData/Examples-bzxktyjkpyijutbaobkmiawdeozx/Build/Products/Debug-iphoneos/pop.framework"; sourceTree = "<absolute>"; };
/* End PBXFileReference section */

/* Begin PBXFrameworksBuildPhase section */
		2069BBA51AE0996800F6D355 /* Frameworks */ = {
			isa = PBXFrameworksBuildPhase;
			buildActionMask = 2147483647;
			files = (
				2069BC4D1AE0B6A700F6D355 /* curry.framework in Frameworks */,
				2069BC3C1AE0B67400F6D355 /* curryfire.framework in Frameworks */,
				2069BC4B1AE0B6A700F6D355 /* pop.framework in Frameworks */,
				2069BBD91AE099C200F6D355 /* curryfire.framework in Frameworks */,
			);
			runOnlyForDeploymentPostprocessing = 0;
		};
/* End PBXFrameworksBuildPhase section */

/* Begin PBXGroup section */
		2069BB9F1AE0996800F6D355 = {
			isa = PBXGroup;
			children = (
				2069BBD11AE099A800F6D355 /* curryfire.xcodeproj */,
				2069BBAA1AE0996800F6D355 /* Examples */,
				2069BC671AE15E3300F6D355 /* Frameworks */,
				2069BBA91AE0996800F6D355 /* Products */,
			);
			sourceTree = "<group>";
		};
		2069BBA91AE0996800F6D355 /* Products */ = {
			isa = PBXGroup;
			children = (
				2069BBA81AE0996800F6D355 /* Examples.app */,
			);
			name = Products;
			sourceTree = "<group>";
		};
		2069BBAA1AE0996800F6D355 /* Examples */ = {
			isa = PBXGroup;
			children = (
				2069BC331AE0A2B000F6D355 /* AppDelegate.swift */,
				2069BBB21AE0996800F6D355 /* ViewController.h */,
				2069BBB31AE0996800F6D355 /* ViewController.m */,
				2069BBAB1AE0996800F6D355 /* Supporting Files */,
			);
			path = Examples;
			sourceTree = "<group>";
		};
		2069BBAB1AE0996800F6D355 /* Supporting Files */ = {
			isa = PBXGroup;
			children = (
				2069BC321AE0A2AF00F6D355 /* Examples-Bridging-Header.h */,
				2069BBB81AE0996800F6D355 /* Images.xcassets */,
				2069BBAC1AE0996800F6D355 /* Info.plist */,
			);
			name = "Supporting Files";
			sourceTree = "<group>";
		};
		2069BBD21AE099A800F6D355 /* Products */ = {
			isa = PBXGroup;
			children = (
				2069BBD81AE099A800F6D355 /* curryfire.framework */,
			);
			name = Products;
			sourceTree = "<group>";
		};
		2069BC671AE15E3300F6D355 /* Frameworks */ = {
			isa = PBXGroup;
			children = (
				2069BC441AE0B68C00F6D355 /* pop.framework */,
				2069BC411AE0B68C00F6D355 /* curry.framework */,
			);
			name = Frameworks;
			sourceTree = "<group>";
		};
/* End PBXGroup section */

/* Begin PBXNativeTarget section */
		2069BBA71AE0996800F6D355 /* Examples */ = {
			isa = PBXNativeTarget;
			buildConfigurationList = 2069BBCB1AE0996900F6D355 /* Build configuration list for PBXNativeTarget "Examples" */;
			buildPhases = (
				2069BBA41AE0996800F6D355 /* Sources */,
				2069BBA51AE0996800F6D355 /* Frameworks */,
				2069BBA61AE0996800F6D355 /* Resources */,
				2069BC401AE0B67400F6D355 /* Embed Frameworks */,
			);
			buildRules = (
			);
			dependencies = (
				2069BC3F1AE0B67400F6D355 /* PBXTargetDependency */,
			);
			name = Examples;
			productName = Examples;
			productReference = 2069BBA81AE0996800F6D355 /* Examples.app */;
			productType = "com.apple.product-type.application";
		};
/* End PBXNativeTarget section */

/* Begin PBXProject section */
		2069BBA01AE0996800F6D355 /* Project object */ = {
			isa = PBXProject;
			attributes = {
				LastUpgradeCheck = 0630;
				ORGANIZATIONNAME = "Devin Ross";
				TargetAttributes = {
					2069BBA71AE0996800F6D355 = {
						CreatedOnToolsVersion = 6.3;
					};
				};
			};
			buildConfigurationList = 2069BBA31AE0996800F6D355 /* Build configuration list for PBXProject "Examples" */;
			compatibilityVersion = "Xcode 3.2";
			developmentRegion = English;
			hasScannedForEncodings = 0;
			knownRegions = (
				en,
				Base,
			);
			mainGroup = 2069BB9F1AE0996800F6D355;
			productRefGroup = 2069BBA91AE0996800F6D355 /* Products */;
			projectDirPath = "";
			projectReferences = (
				{
					ProductGroup = 2069BBD21AE099A800F6D355 /* Products */;
					ProjectRef = 2069BBD11AE099A800F6D355 /* curryfire.xcodeproj */;
				},
			);
			projectRoot = "";
			targets = (
				2069BBA71AE0996800F6D355 /* Examples */,
			);
		};
/* End PBXProject section */

/* Begin PBXReferenceProxy section */
		2069BBD81AE099A800F6D355 /* curryfire.framework */ = {
			isa = PBXReferenceProxy;
			fileType = wrapper.framework;
			path = curryfire.framework;
			remoteRef = 2069BBD71AE099A800F6D355 /* PBXContainerItemProxy */;
			sourceTree = BUILT_PRODUCTS_DIR;
		};
/* End PBXReferenceProxy section */

/* Begin PBXResourcesBuildPhase section */
		2069BBA61AE0996800F6D355 /* Resources */ = {
			isa = PBXResourcesBuildPhase;
			buildActionMask = 2147483647;
			files = (
				2069BBB91AE0996800F6D355 /* Images.xcassets in Resources */,
			);
			runOnlyForDeploymentPostprocessing = 0;
		};
/* End PBXResourcesBuildPhase section */

/* Begin PBXSourcesBuildPhase section */
		2069BBA41AE0996800F6D355 /* Sources */ = {
			isa = PBXSourcesBuildPhase;
			buildActionMask = 2147483647;
			files = (
				2069BC341AE0A2B000F6D355 /* AppDelegate.swift in Sources */,
				2069BBB41AE0996800F6D355 /* ViewController.m in Sources */,
			);
			runOnlyForDeploymentPostprocessing = 0;
		};
/* End PBXSourcesBuildPhase section */

/* Begin PBXTargetDependency section */
		2069BC3F1AE0B67400F6D355 /* PBXTargetDependency */ = {
			isa = PBXTargetDependency;
			name = curryfire;
			targetProxy = 2069BC3E1AE0B67400F6D355 /* PBXContainerItemProxy */;
		};
/* End PBXTargetDependency section */

/* Begin XCBuildConfiguration section */
		2069BBC91AE0996900F6D355 /* Debug */ = {
			isa = XCBuildConfiguration;
			buildSettings = {
				ALWAYS_SEARCH_USER_PATHS = NO;
				CLANG_CXX_LANGUAGE_STANDARD = "gnu++0x";
				CLANG_CXX_LIBRARY = "libc++";
				CLANG_ENABLE_MODULES = YES;
				CLANG_ENABLE_OBJC_ARC = YES;
				CLANG_WARN_BOOL_CONVERSION = YES;
				CLANG_WARN_CONSTANT_CONVERSION = YES;
				CLANG_WARN_DIRECT_OBJC_ISA_USAGE = YES_ERROR;
				CLANG_WARN_EMPTY_BODY = YES;
				CLANG_WARN_ENUM_CONVERSION = YES;
				CLANG_WARN_INT_CONVERSION = YES;
				CLANG_WARN_OBJC_ROOT_CLASS = YES_ERROR;
				CLANG_WARN_UNREACHABLE_CODE = YES;
				CLANG_WARN__DUPLICATE_METHOD_MATCH = YES;
				"CODE_SIGN_IDENTITY[sdk=iphoneos*]" = "iPhone Developer";
				COPY_PHASE_STRIP = NO;
				DEBUG_INFORMATION_FORMAT = "dwarf-with-dsym";
				ENABLE_STRICT_OBJC_MSGSEND = YES;
				GCC_C_LANGUAGE_STANDARD = gnu99;
				GCC_DYNAMIC_NO_PIC = NO;
				GCC_NO_COMMON_BLOCKS = YES;
				GCC_OPTIMIZATION_LEVEL = 0;
				GCC_PREPROCESSOR_DEFINITIONS = (
					"DEBUG=1",
					"$(inherited)",
				);
				GCC_SYMBOLS_PRIVATE_EXTERN = NO;
				GCC_WARN_64_TO_32_BIT_CONVERSION = YES;
				GCC_WARN_ABOUT_RETURN_TYPE = YES_ERROR;
				GCC_WARN_UNDECLARED_SELECTOR = YES;
				GCC_WARN_UNINITIALIZED_AUTOS = YES_AGGRESSIVE;
				GCC_WARN_UNUSED_FUNCTION = YES;
				GCC_WARN_UNUSED_VARIABLE = YES;
				IPHONEOS_DEPLOYMENT_TARGET = 8.3;
				MTL_ENABLE_DEBUG_INFO = YES;
				ONLY_ACTIVE_ARCH = YES;
				SDKROOT = iphoneos;
			};
			name = Debug;
		};
		2069BBCA1AE0996900F6D355 /* Release */ = {
			isa = XCBuildConfiguration;
			buildSettings = {
				ALWAYS_SEARCH_USER_PATHS = NO;
				CLANG_CXX_LANGUAGE_STANDARD = "gnu++0x";
				CLANG_CXX_LIBRARY = "libc++";
				CLANG_ENABLE_MODULES = YES;
				CLANG_ENABLE_OBJC_ARC = YES;
				CLANG_WARN_BOOL_CONVERSION = YES;
				CLANG_WARN_CONSTANT_CONVERSION = YES;
				CLANG_WARN_DIRECT_OBJC_ISA_USAGE = YES_ERROR;
				CLANG_WARN_EMPTY_BODY = YES;
				CLANG_WARN_ENUM_CONVERSION = YES;
				CLANG_WARN_INT_CONVERSION = YES;
				CLANG_WARN_OBJC_ROOT_CLASS = YES_ERROR;
				CLANG_WARN_UNREACHABLE_CODE = YES;
				CLANG_WARN__DUPLICATE_METHOD_MATCH = YES;
				"CODE_SIGN_IDENTITY[sdk=iphoneos*]" = "iPhone Developer";
				COPY_PHASE_STRIP = NO;
				DEBUG_INFORMATION_FORMAT = "dwarf-with-dsym";
				ENABLE_NS_ASSERTIONS = NO;
				ENABLE_STRICT_OBJC_MSGSEND = YES;
				GCC_C_LANGUAGE_STANDARD = gnu99;
				GCC_NO_COMMON_BLOCKS = YES;
				GCC_WARN_64_TO_32_BIT_CONVERSION = YES;
				GCC_WARN_ABOUT_RETURN_TYPE = YES_ERROR;
				GCC_WARN_UNDECLARED_SELECTOR = YES;
				GCC_WARN_UNINITIALIZED_AUTOS = YES_AGGRESSIVE;
				GCC_WARN_UNUSED_FUNCTION = YES;
				GCC_WARN_UNUSED_VARIABLE = YES;
				IPHONEOS_DEPLOYMENT_TARGET = 8.3;
				MTL_ENABLE_DEBUG_INFO = NO;
				SDKROOT = iphoneos;
				VALIDATE_PRODUCT = YES;
			};
			name = Release;
		};
		2069BBCC1AE0996900F6D355 /* Debug */ = {
			isa = XCBuildConfiguration;
			buildSettings = {
				ASSETCATALOG_COMPILER_APPICON_NAME = AppIcon;
				ASSETCATALOG_COMPILER_LAUNCHIMAGE_NAME = LaunchImage;
				CLANG_ENABLE_MODULES = YES;
				FRAMEWORK_SEARCH_PATHS = (
					"$(inherited)",
					"$(USER_LIBRARY_DIR)/Developer/Xcode/DerivedData/Examples-bzxktyjkpyijutbaobkmiawdeozx/Build/Products/Debug-iphoneos",
				);
				INFOPLIST_FILE = Examples/Info.plist;
				IPHONEOS_DEPLOYMENT_TARGET = 8.0;
				LD_RUNPATH_SEARCH_PATHS = "$(inherited) @executable_path/Frameworks";
				PRODUCT_NAME = "$(TARGET_NAME)";
				SWIFT_OBJC_BRIDGING_HEADER = "Examples/Examples-Bridging-Header.h";
				SWIFT_OPTIMIZATION_LEVEL = "-Onone";
			};
			name = Debug;
		};
		2069BBCD1AE0996900F6D355 /* Release */ = {
			isa = XCBuildConfiguration;
			buildSettings = {
				ASSETCATALOG_COMPILER_APPICON_NAME = AppIcon;
				ASSETCATALOG_COMPILER_LAUNCHIMAGE_NAME = LaunchImage;
				CLANG_ENABLE_MODULES = YES;
				FRAMEWORK_SEARCH_PATHS = (
					"$(inherited)",
					"$(USER_LIBRARY_DIR)/Developer/Xcode/DerivedData/Examples-bzxktyjkpyijutbaobkmiawdeozx/Build/Products/Debug-iphoneos",
				);
				INFOPLIST_FILE = Examples/Info.plist;
				IPHONEOS_DEPLOYMENT_TARGET = 8.0;
				LD_RUNPATH_SEARCH_PATHS = "$(inherited) @executable_path/Frameworks";
				PRODUCT_NAME = "$(TARGET_NAME)";
				SWIFT_OBJC_BRIDGING_HEADER = "Examples/Examples-Bridging-Header.h";
			};
			name = Release;
		};
/* End XCBuildConfiguration section */

/* Begin XCConfigurationList section */
		2069BBA31AE0996800F6D355 /* Build configuration list for PBXProject "Examples" */ = {
			isa = XCConfigurationList;
			buildConfigurations = (
				2069BBC91AE0996900F6D355 /* Debug */,
				2069BBCA1AE0996900F6D355 /* Release */,
			);
			defaultConfigurationIsVisible = 0;
			defaultConfigurationName = Release;
		};
		2069BBCB1AE0996900F6D355 /* Build configuration list for PBXNativeTarget "Examples" */ = {
			isa = XCConfigurationList;
			buildConfigurations = (
				2069BBCC1AE0996900F6D355 /* Debug */,
				2069BBCD1AE0996900F6D355 /* Release */,
			);
			defaultConfigurationIsVisible = 0;
			defaultConfigurationName = Release;
		};
/* End XCConfigurationList section */
	};
	rootObject = 2069BBA01AE0996800F6D355 /* Project object */;
}
