// !$*UTF8*$!
{
	archiveVersion = 1;
	classes = {
	};
	objectVersion = 46;
	objects = {

/* Begin PBXBuildFile section */
		2067AF9F1AE955210097E3AE /* NavigationPushPopTransitionViewController.m in Sources */ = {isa = PBXBuildFile; fileRef = 2067AF9E1AE955210097E3AE /* NavigationPushPopTransitionViewController.m */; };
		2067AFB71AE997AE0097E3AE /* DashboardViewController.m in Sources */ = {isa = PBXBuildFile; fileRef = 2067AFB61AE997AE0097E3AE /* DashboardViewController.m */; };
		2067AFBB1AE998940097E3AE /* CartViewController.m in Sources */ = {isa = PBXBuildFile; fileRef = 2067AFBA1AE998940097E3AE /* CartViewController.m */; };
		20691B671AE7F9A50045627D /* RootViewController.m in Sources */ = {isa = PBXBuildFile; fileRef = 20691B661AE7F9A50045627D /* RootViewController.m */; };
		20691B711AE7FC450045627D /* MaterialViewController.m in Sources */ = {isa = PBXBuildFile; fileRef = 20691B701AE7FC450045627D /* MaterialViewController.m */; };
		20691B801AE80DD80045627D /* CardViewSlideUpViewController.m in Sources */ = {isa = PBXBuildFile; fileRef = 20691B7F1AE80DD80045627D /* CardViewSlideUpViewController.m */; };
		2069BBB41AE0996800F6D355 /* MoveGestureViewController.m in Sources */ = {isa = PBXBuildFile; fileRef = 2069BBB31AE0996800F6D355 /* MoveGestureViewController.m */; };
		2069BBB91AE0996800F6D355 /* Images.xcassets in Resources */ = {isa = PBXBuildFile; fileRef = 2069BBB81AE0996800F6D355 /* Images.xcassets */; };
		2069BC341AE0A2B000F6D355 /* AppDelegate.swift in Sources */ = {isa = PBXBuildFile; fileRef = 2069BC331AE0A2B000F6D355 /* AppDelegate.swift */; };
		207E91151D875CFB00EECF1D /* SmoothAnimationViewController.swift in Sources */ = {isa = PBXBuildFile; fileRef = 207E91141D875CFB00EECF1D /* SmoothAnimationViewController.swift */; };
		207E91251D87675600EECF1D /* curry.framework in Frameworks */ = {isa = PBXBuildFile; fileRef = 207E91241D87675600EECF1D /* curry.framework */; };
		207E91261D87675600EECF1D /* curry.framework in Embed Frameworks */ = {isa = PBXBuildFile; fileRef = 207E91241D87675600EECF1D /* curry.framework */; settings = {ATTRIBUTES = (CodeSignOnCopy, RemoveHeadersOnCopy, ); }; };
		207E91271D87675E00EECF1D /* curryfire.framework in Frameworks */ = {isa = PBXBuildFile; fileRef = 20556EA01B3C906F0051CA1F /* curryfire.framework */; };
		207E91281D87675E00EECF1D /* curryfire.framework in Embed Frameworks */ = {isa = PBXBuildFile; fileRef = 20556EA01B3C906F0051CA1F /* curryfire.framework */; settings = {ATTRIBUTES = (CodeSignOnCopy, RemoveHeadersOnCopy, ); }; };
		207E912C1D87676A00EECF1D /* pop.framework in Frameworks */ = {isa = PBXBuildFile; fileRef = 207E912B1D87676A00EECF1D /* pop.framework */; };
		207E912D1D87676A00EECF1D /* pop.framework in Embed Frameworks */ = {isa = PBXBuildFile; fileRef = 207E912B1D87676A00EECF1D /* pop.framework */; settings = {ATTRIBUTES = (CodeSignOnCopy, RemoveHeadersOnCopy, ); }; };
		207E913D1D8791A900EECF1D /* PagedScrollViewViewController.swift in Sources */ = {isa = PBXBuildFile; fileRef = 207E913C1D8791A900EECF1D /* PagedScrollViewViewController.swift */; };
		207E91591D87A89F00EECF1D /* DimeViewController.swift in Sources */ = {isa = PBXBuildFile; fileRef = 207E91581D87A89F00EECF1D /* DimeViewController.swift */; };
		207E915B1D87A9F200EECF1D /* HopViewController.swift in Sources */ = {isa = PBXBuildFile; fileRef = 207E915A1D87A9F200EECF1D /* HopViewController.swift */; };
		207E915D1D87ABDF00EECF1D /* TickleViewController.swift in Sources */ = {isa = PBXBuildFile; fileRef = 207E915C1D87ABDF00EECF1D /* TickleViewController.swift */; };
		207E915F1D87ACE100EECF1D /* WiggleViewController.swift in Sources */ = {isa = PBXBuildFile; fileRef = 207E915E1D87ACE100EECF1D /* WiggleViewController.swift */; };
		207E91611D87AEC600EECF1D /* CounterViewController.swift in Sources */ = {isa = PBXBuildFile; fileRef = 207E91601D87AEC600EECF1D /* CounterViewController.swift */; };
		207E91631D87B07800EECF1D /* ShakeAnimationViewController.swift in Sources */ = {isa = PBXBuildFile; fileRef = 207E91621D87B07800EECF1D /* ShakeAnimationViewController.swift */; };
		207E91651D87B14600EECF1D /* RunForrestViewController.swift in Sources */ = {isa = PBXBuildFile; fileRef = 207E91641D87B14600EECF1D /* RunForrestViewController.swift */; };
		207E91671D87B20600EECF1D /* ZoomViewController.swift in Sources */ = {isa = PBXBuildFile; fileRef = 207E91661D87B20600EECF1D /* ZoomViewController.swift */; };
		207E91691D87B49100EECF1D /* PageControlViewController.swift in Sources */ = {isa = PBXBuildFile; fileRef = 207E91681D87B49100EECF1D /* PageControlViewController.swift */; };
		207E916B1D87B5CF00EECF1D /* ProgressRingViewController.swift in Sources */ = {isa = PBXBuildFile; fileRef = 207E916A1D87B5CF00EECF1D /* ProgressRingViewController.swift */; };
		207E916D1D87B86700EECF1D /* ControlsViewController.swift in Sources */ = {isa = PBXBuildFile; fileRef = 207E916C1D87B86700EECF1D /* ControlsViewController.swift */; };
		20A46DF71B61C791004A4153 /* BounceAnimatorViewController.m in Sources */ = {isa = PBXBuildFile; fileRef = 20A46DF61B61C791004A4153 /* BounceAnimatorViewController.m */; };
		20AF03381AE8534F0065E3FF /* ConfettiViewController.m in Sources */ = {isa = PBXBuildFile; fileRef = 20AF03371AE8534F0065E3FF /* ConfettiViewController.m */; };
		20DDB5741B4599AF001C7751 /* SlideToUnlockViewController.m in Sources */ = {isa = PBXBuildFile; fileRef = 20DDB5731B4599AF001C7751 /* SlideToUnlockViewController.m */; };
/* End PBXBuildFile section */

/* Begin PBXContainerItemProxy section */
		20556E9F1B3C906F0051CA1F /* PBXContainerItemProxy */ = {
			isa = PBXContainerItemProxy;
			containerPortal = 20556E991B3C906F0051CA1F /* curryfire.xcodeproj */;
			proxyType = 2;
			remoteGlobalIDString = 2069BB601AE095CA00F6D355;
			remoteInfo = curryfire;
		};
		207E91291D87675E00EECF1D /* PBXContainerItemProxy */ = {
			isa = PBXContainerItemProxy;
			containerPortal = 20556E991B3C906F0051CA1F /* curryfire.xcodeproj */;
			proxyType = 1;
			remoteGlobalIDString = 2069BB5F1AE095CA00F6D355;
			remoteInfo = curryfire;
		};
/* End PBXContainerItemProxy section */

/* Begin PBXCopyFilesBuildPhase section */
		2069BC401AE0B67400F6D355 /* Embed Frameworks */ = {
			isa = PBXCopyFilesBuildPhase;
			buildActionMask = 2147483647;
			dstPath = "";
			dstSubfolderSpec = 10;
			files = (
				207E91281D87675E00EECF1D /* curryfire.framework in Embed Frameworks */,
				207E912D1D87676A00EECF1D /* pop.framework in Embed Frameworks */,
				207E91261D87675600EECF1D /* curry.framework in Embed Frameworks */,
			);
			name = "Embed Frameworks";
			runOnlyForDeploymentPostprocessing = 0;
		};
/* End PBXCopyFilesBuildPhase section */

/* Begin PBXFileReference section */
		20556E991B3C906F0051CA1F /* curryfire.xcodeproj */ = {isa = PBXFileReference; lastKnownFileType = "wrapper.pb-project"; name = curryfire.xcodeproj; path = ../curryfire.xcodeproj; sourceTree = "<group>"; };
		2067AF9D1AE955210097E3AE /* NavigationPushPopTransitionViewController.h */ = {isa = PBXFileReference; fileEncoding = 4; lastKnownFileType = sourcecode.c.h; path = NavigationPushPopTransitionViewController.h; sourceTree = "<group>"; };
		2067AF9E1AE955210097E3AE /* NavigationPushPopTransitionViewController.m */ = {isa = PBXFileReference; fileEncoding = 4; lastKnownFileType = sourcecode.c.objc; path = NavigationPushPopTransitionViewController.m; sourceTree = "<group>"; };
		2067AFB51AE997AE0097E3AE /* DashboardViewController.h */ = {isa = PBXFileReference; fileEncoding = 4; lastKnownFileType = sourcecode.c.h; path = DashboardViewController.h; sourceTree = "<group>"; };
		2067AFB61AE997AE0097E3AE /* DashboardViewController.m */ = {isa = PBXFileReference; fileEncoding = 4; lastKnownFileType = sourcecode.c.objc; path = DashboardViewController.m; sourceTree = "<group>"; };
		2067AFB91AE998940097E3AE /* CartViewController.h */ = {isa = PBXFileReference; fileEncoding = 4; lastKnownFileType = sourcecode.c.h; path = CartViewController.h; sourceTree = "<group>"; };
		2067AFBA1AE998940097E3AE /* CartViewController.m */ = {isa = PBXFileReference; fileEncoding = 4; lastKnownFileType = sourcecode.c.objc; path = CartViewController.m; sourceTree = "<group>"; };
		20691B651AE7F9A50045627D /* RootViewController.h */ = {isa = PBXFileReference; fileEncoding = 4; lastKnownFileType = sourcecode.c.h; path = RootViewController.h; sourceTree = "<group>"; };
		20691B661AE7F9A50045627D /* RootViewController.m */ = {isa = PBXFileReference; fileEncoding = 4; lastKnownFileType = sourcecode.c.objc; path = RootViewController.m; sourceTree = "<group>"; };
		20691B6F1AE7FC450045627D /* MaterialViewController.h */ = {isa = PBXFileReference; fileEncoding = 4; lastKnownFileType = sourcecode.c.h; path = MaterialViewController.h; sourceTree = "<group>"; };
		20691B701AE7FC450045627D /* MaterialViewController.m */ = {isa = PBXFileReference; fileEncoding = 4; lastKnownFileType = sourcecode.c.objc; path = MaterialViewController.m; sourceTree = "<group>"; };
		20691B7E1AE80DD80045627D /* CardViewSlideUpViewController.h */ = {isa = PBXFileReference; fileEncoding = 4; lastKnownFileType = sourcecode.c.h; path = CardViewSlideUpViewController.h; sourceTree = "<group>"; };
		20691B7F1AE80DD80045627D /* CardViewSlideUpViewController.m */ = {isa = PBXFileReference; fileEncoding = 4; lastKnownFileType = sourcecode.c.objc; path = CardViewSlideUpViewController.m; sourceTree = "<group>"; };
		2069BBA81AE0996800F6D355 /* Examples.app */ = {isa = PBXFileReference; explicitFileType = wrapper.application; includeInIndex = 0; path = Examples.app; sourceTree = BUILT_PRODUCTS_DIR; };
		2069BBAC1AE0996800F6D355 /* Info.plist */ = {isa = PBXFileReference; lastKnownFileType = text.plist.xml; path = Info.plist; sourceTree = "<group>"; };
		2069BBB21AE0996800F6D355 /* MoveGestureViewController.h */ = {isa = PBXFileReference; lastKnownFileType = sourcecode.c.h; path = MoveGestureViewController.h; sourceTree = "<group>"; };
		2069BBB31AE0996800F6D355 /* MoveGestureViewController.m */ = {isa = PBXFileReference; lastKnownFileType = sourcecode.c.objc; path = MoveGestureViewController.m; sourceTree = "<group>"; };
		2069BBB81AE0996800F6D355 /* Images.xcassets */ = {isa = PBXFileReference; lastKnownFileType = folder.assetcatalog; path = Images.xcassets; sourceTree = "<group>"; };
		2069BC321AE0A2AF00F6D355 /* Examples-Bridging-Header.h */ = {isa = PBXFileReference; lastKnownFileType = sourcecode.c.h; path = "Examples-Bridging-Header.h"; sourceTree = "<group>"; };
		2069BC331AE0A2B000F6D355 /* AppDelegate.swift */ = {isa = PBXFileReference; fileEncoding = 4; lastKnownFileType = sourcecode.swift; path = AppDelegate.swift; sourceTree = "<group>"; };
		207E91141D875CFB00EECF1D /* SmoothAnimationViewController.swift */ = {isa = PBXFileReference; fileEncoding = 4; lastKnownFileType = sourcecode.swift; path = SmoothAnimationViewController.swift; sourceTree = "<group>"; };
		207E91241D87675600EECF1D /* curry.framework */ = {isa = PBXFileReference; explicitFileType = wrapper.framework; path = curry.framework; sourceTree = BUILT_PRODUCTS_DIR; };
		207E912B1D87676A00EECF1D /* pop.framework */ = {isa = PBXFileReference; explicitFileType = wrapper.framework; path = pop.framework; sourceTree = BUILT_PRODUCTS_DIR; };
		207E913C1D8791A900EECF1D /* PagedScrollViewViewController.swift */ = {isa = PBXFileReference; fileEncoding = 4; lastKnownFileType = sourcecode.swift; path = PagedScrollViewViewController.swift; sourceTree = "<group>"; };
		207E91581D87A89F00EECF1D /* DimeViewController.swift */ = {isa = PBXFileReference; fileEncoding = 4; lastKnownFileType = sourcecode.swift; path = DimeViewController.swift; sourceTree = "<group>"; };
		207E915A1D87A9F200EECF1D /* HopViewController.swift */ = {isa = PBXFileReference; fileEncoding = 4; lastKnownFileType = sourcecode.swift; path = HopViewController.swift; sourceTree = "<group>"; };
		207E915C1D87ABDF00EECF1D /* TickleViewController.swift */ = {isa = PBXFileReference; fileEncoding = 4; lastKnownFileType = sourcecode.swift; path = TickleViewController.swift; sourceTree = "<group>"; };
		207E915E1D87ACE100EECF1D /* WiggleViewController.swift */ = {isa = PBXFileReference; fileEncoding = 4; lastKnownFileType = sourcecode.swift; path = WiggleViewController.swift; sourceTree = "<group>"; };
		207E91601D87AEC600EECF1D /* CounterViewController.swift */ = {isa = PBXFileReference; fileEncoding = 4; lastKnownFileType = sourcecode.swift; path = CounterViewController.swift; sourceTree = "<group>"; };
		207E91621D87B07800EECF1D /* ShakeAnimationViewController.swift */ = {isa = PBXFileReference; fileEncoding = 4; lastKnownFileType = sourcecode.swift; path = ShakeAnimationViewController.swift; sourceTree = "<group>"; };
		207E91641D87B14600EECF1D /* RunForrestViewController.swift */ = {isa = PBXFileReference; fileEncoding = 4; lastKnownFileType = sourcecode.swift; path = RunForrestViewController.swift; sourceTree = "<group>"; };
		207E91661D87B20600EECF1D /* ZoomViewController.swift */ = {isa = PBXFileReference; fileEncoding = 4; lastKnownFileType = sourcecode.swift; path = ZoomViewController.swift; sourceTree = "<group>"; };
		207E91681D87B49100EECF1D /* PageControlViewController.swift */ = {isa = PBXFileReference; fileEncoding = 4; lastKnownFileType = sourcecode.swift; path = PageControlViewController.swift; sourceTree = "<group>"; };
		207E916A1D87B5CF00EECF1D /* ProgressRingViewController.swift */ = {isa = PBXFileReference; fileEncoding = 4; lastKnownFileType = sourcecode.swift; path = ProgressRingViewController.swift; sourceTree = "<group>"; };
		207E916C1D87B86700EECF1D /* ControlsViewController.swift */ = {isa = PBXFileReference; fileEncoding = 4; lastKnownFileType = sourcecode.swift; path = ControlsViewController.swift; sourceTree = "<group>"; };
		20A46DF51B61C791004A4153 /* BounceAnimatorViewController.h */ = {isa = PBXFileReference; fileEncoding = 4; lastKnownFileType = sourcecode.c.h; path = BounceAnimatorViewController.h; sourceTree = "<group>"; };
		20A46DF61B61C791004A4153 /* BounceAnimatorViewController.m */ = {isa = PBXFileReference; fileEncoding = 4; lastKnownFileType = sourcecode.c.objc; path = BounceAnimatorViewController.m; sourceTree = "<group>"; };
		20AF03361AE8534F0065E3FF /* ConfettiViewController.h */ = {isa = PBXFileReference; fileEncoding = 4; lastKnownFileType = sourcecode.c.h; path = ConfettiViewController.h; sourceTree = "<group>"; };
		20AF03371AE8534F0065E3FF /* ConfettiViewController.m */ = {isa = PBXFileReference; fileEncoding = 4; lastKnownFileType = sourcecode.c.objc; path = ConfettiViewController.m; sourceTree = "<group>"; };
		20DDB5721B4599AF001C7751 /* SlideToUnlockViewController.h */ = {isa = PBXFileReference; fileEncoding = 4; lastKnownFileType = sourcecode.c.h; path = SlideToUnlockViewController.h; sourceTree = "<group>"; };
		20DDB5731B4599AF001C7751 /* SlideToUnlockViewController.m */ = {isa = PBXFileReference; fileEncoding = 4; lastKnownFileType = sourcecode.c.objc; path = SlideToUnlockViewController.m; sourceTree = "<group>"; };
/* End PBXFileReference section */

/* Begin PBXFrameworksBuildPhase section */
		2069BBA51AE0996800F6D355 /* Frameworks */ = {
			isa = PBXFrameworksBuildPhase;
			buildActionMask = 2147483647;
			files = (
				207E91271D87675E00EECF1D /* curryfire.framework in Frameworks */,
				207E912C1D87676A00EECF1D /* pop.framework in Frameworks */,
				207E91251D87675600EECF1D /* curry.framework in Frameworks */,
			);
			runOnlyForDeploymentPostprocessing = 0;
		};
/* End PBXFrameworksBuildPhase section */

/* Begin PBXGroup section */
		20556E9A1B3C906F0051CA1F /* Products */ = {
			isa = PBXGroup;
			children = (
				20556EA01B3C906F0051CA1F /* curryfire.framework */,
			);
			name = Products;
			sourceTree = "<group>";
		};
		2067AFB81AE997B90097E3AE /* FullCustomizeNavigation */ = {
			isa = PBXGroup;
			children = (
				2067AFB51AE997AE0097E3AE /* DashboardViewController.h */,
				2067AFB61AE997AE0097E3AE /* DashboardViewController.m */,
				2067AFB91AE998940097E3AE /* CartViewController.h */,
				2067AFBA1AE998940097E3AE /* CartViewController.m */,
			);
			name = FullCustomizeNavigation;
			sourceTree = "<group>";
		};
		2069BB9F1AE0996800F6D355 = {
			isa = PBXGroup;
			children = (
				20556E991B3C906F0051CA1F /* curryfire.xcodeproj */,
				2069BBAA1AE0996800F6D355 /* Examples */,
				2069BC671AE15E3300F6D355 /* Frameworks */,
				2069BBA91AE0996800F6D355 /* Products */,
			);
			sourceTree = "<group>";
		};
		2069BBA91AE0996800F6D355 /* Products */ = {
			isa = PBXGroup;
			children = (
				2069BBA81AE0996800F6D355 /* Examples.app */,
			);
			name = Products;
			sourceTree = "<group>";
		};
		2069BBAA1AE0996800F6D355 /* Examples */ = {
			isa = PBXGroup;
			children = (
				2069BC331AE0A2B000F6D355 /* AppDelegate.swift */,
				20691B651AE7F9A50045627D /* RootViewController.h */,
				20691B661AE7F9A50045627D /* RootViewController.m */,
				2069BBB21AE0996800F6D355 /* MoveGestureViewController.h */,
				2069BBB31AE0996800F6D355 /* MoveGestureViewController.m */,
				207E913C1D8791A900EECF1D /* PagedScrollViewViewController.swift */,
				20691B6F1AE7FC450045627D /* MaterialViewController.h */,
				20691B701AE7FC450045627D /* MaterialViewController.m */,
				2067AF9D1AE955210097E3AE /* NavigationPushPopTransitionViewController.h */,
				2067AF9E1AE955210097E3AE /* NavigationPushPopTransitionViewController.m */,
				20691B7E1AE80DD80045627D /* CardViewSlideUpViewController.h */,
				20691B7F1AE80DD80045627D /* CardViewSlideUpViewController.m */,
				20AF03361AE8534F0065E3FF /* ConfettiViewController.h */,
				20AF03371AE8534F0065E3FF /* ConfettiViewController.m */,
				20DDB5721B4599AF001C7751 /* SlideToUnlockViewController.h */,
				20DDB5731B4599AF001C7751 /* SlideToUnlockViewController.m */,
				20A46DF51B61C791004A4153 /* BounceAnimatorViewController.h */,
				20A46DF61B61C791004A4153 /* BounceAnimatorViewController.m */,
				207E91141D875CFB00EECF1D /* SmoothAnimationViewController.swift */,
				207E916C1D87B86700EECF1D /* ControlsViewController.swift */,
				20AAC5EF1B59503900162378 /* 12Principles */,
				207E91601D87AEC600EECF1D /* CounterViewController.swift */,
				207E916A1D87B5CF00EECF1D /* ProgressRingViewController.swift */,
				207E91681D87B49100EECF1D /* PageControlViewController.swift */,
				2067AFB81AE997B90097E3AE /* FullCustomizeNavigation */,
				2069BBAB1AE0996800F6D355 /* Supporting Files */,
			);
			path = Examples;
			sourceTree = "<group>";
		};
		2069BBAB1AE0996800F6D355 /* Supporting Files */ = {
			isa = PBXGroup;
			children = (
				2069BC321AE0A2AF00F6D355 /* Examples-Bridging-Header.h */,
				2069BBB81AE0996800F6D355 /* Images.xcassets */,
				2069BBAC1AE0996800F6D355 /* Info.plist */,
			);
			name = "Supporting Files";
			sourceTree = "<group>";
		};
		2069BC671AE15E3300F6D355 /* Frameworks */ = {
			isa = PBXGroup;
			children = (
				207E912B1D87676A00EECF1D /* pop.framework */,
				207E91241D87675600EECF1D /* curry.framework */,
			);
			name = Frameworks;
			sourceTree = "<group>";
		};
		20AAC5EF1B59503900162378 /* 12Principles */ = {
			isa = PBXGroup;
			children = (
				207E91621D87B07800EECF1D /* ShakeAnimationViewController.swift */,
				207E91661D87B20600EECF1D /* ZoomViewController.swift */,
				207E915E1D87ACE100EECF1D /* WiggleViewController.swift */,
				207E91641D87B14600EECF1D /* RunForrestViewController.swift */,
				207E915C1D87ABDF00EECF1D /* TickleViewController.swift */,
				207E915A1D87A9F200EECF1D /* HopViewController.swift */,
				207E91581D87A89F00EECF1D /* DimeViewController.swift */,
			);
			name = 12Principles;
			sourceTree = "<group>";
		};
/* End PBXGroup section */

/* Begin PBXNativeTarget section */
		2069BBA71AE0996800F6D355 /* Examples */ = {
			isa = PBXNativeTarget;
			buildConfigurationList = 2069BBCB1AE0996900F6D355 /* Build configuration list for PBXNativeTarget "Examples" */;
			buildPhases = (
				2069BBA41AE0996800F6D355 /* Sources */,
				2069BBA51AE0996800F6D355 /* Frameworks */,
				2069BBA61AE0996800F6D355 /* Resources */,
				2069BC401AE0B67400F6D355 /* Embed Frameworks */,
			);
			buildRules = (
			);
			dependencies = (
				207E912A1D87675E00EECF1D /* PBXTargetDependency */,
			);
			name = Examples;
			productName = Examples;
			productReference = 2069BBA81AE0996800F6D355 /* Examples.app */;
			productType = "com.apple.product-type.application";
		};
/* End PBXNativeTarget section */

/* Begin PBXProject section */
		2069BBA01AE0996800F6D355 /* Project object */ = {
			isa = PBXProject;
			attributes = {
				LastSwiftUpdateCheck = 0700;
				LastUpgradeCheck = 0800;
				ORGANIZATIONNAME = "Devin Ross";
				TargetAttributes = {
					2069BBA71AE0996800F6D355 = {
						CreatedOnToolsVersion = 6.3;
						LastSwiftMigration = 0800;
					};
				};
			};
			buildConfigurationList = 2069BBA31AE0996800F6D355 /* Build configuration list for PBXProject "Examples" */;
			compatibilityVersion = "Xcode 3.2";
			developmentRegion = English;
			hasScannedForEncodings = 0;
			knownRegions = (
				en,
				Base,
			);
			mainGroup = 2069BB9F1AE0996800F6D355;
			productRefGroup = 2069BBA91AE0996800F6D355 /* Products */;
			projectDirPath = "";
			projectReferences = (
				{
					ProductGroup = 20556E9A1B3C906F0051CA1F /* Products */;
					ProjectRef = 20556E991B3C906F0051CA1F /* curryfire.xcodeproj */;
				},
			);
			projectRoot = "";
			targets = (
				2069BBA71AE0996800F6D355 /* Examples */,
			);
		};
/* End PBXProject section */

/* Begin PBXReferenceProxy section */
		20556EA01B3C906F0051CA1F /* curryfire.framework */ = {
			isa = PBXReferenceProxy;
			fileType = wrapper.framework;
			path = curryfire.framework;
			remoteRef = 20556E9F1B3C906F0051CA1F /* PBXContainerItemProxy */;
			sourceTree = BUILT_PRODUCTS_DIR;
		};
/* End PBXReferenceProxy section */

/* Begin PBXResourcesBuildPhase section */
		2069BBA61AE0996800F6D355 /* Resources */ = {
			isa = PBXResourcesBuildPhase;
			buildActionMask = 2147483647;
			files = (
				2069BBB91AE0996800F6D355 /* Images.xcassets in Resources */,
			);
			runOnlyForDeploymentPostprocessing = 0;
		};
/* End PBXResourcesBuildPhase section */

/* Begin PBXSourcesBuildPhase section */
		2069BBA41AE0996800F6D355 /* Sources */ = {
			isa = PBXSourcesBuildPhase;
			buildActionMask = 2147483647;
			files = (
				207E91611D87AEC600EECF1D /* CounterViewController.swift in Sources */,
				20DDB5741B4599AF001C7751 /* SlideToUnlockViewController.m in Sources */,
				2067AFBB1AE998940097E3AE /* CartViewController.m in Sources */,
				207E91591D87A89F00EECF1D /* DimeViewController.swift in Sources */,
				207E91651D87B14600EECF1D /* RunForrestViewController.swift in Sources */,
				207E913D1D8791A900EECF1D /* PagedScrollViewViewController.swift in Sources */,
				207E915F1D87ACE100EECF1D /* WiggleViewController.swift in Sources */,
				20691B801AE80DD80045627D /* CardViewSlideUpViewController.m in Sources */,
				2067AFB71AE997AE0097E3AE /* DashboardViewController.m in Sources */,
				207E915B1D87A9F200EECF1D /* HopViewController.swift in Sources */,
				207E91631D87B07800EECF1D /* ShakeAnimationViewController.swift in Sources */,
				2067AF9F1AE955210097E3AE /* NavigationPushPopTransitionViewController.m in Sources */,
				20AF03381AE8534F0065E3FF /* ConfettiViewController.m in Sources */,
				2069BC341AE0A2B000F6D355 /* AppDelegate.swift in Sources */,
				20691B711AE7FC450045627D /* MaterialViewController.m in Sources */,
				207E915D1D87ABDF00EECF1D /* TickleViewController.swift in Sources */,
				207E916B1D87B5CF00EECF1D /* ProgressRingViewController.swift in Sources */,
				2069BBB41AE0996800F6D355 /* MoveGestureViewController.m in Sources */,
				207E916D1D87B86700EECF1D /* ControlsViewController.swift in Sources */,
				20A46DF71B61C791004A4153 /* BounceAnimatorViewController.m in Sources */,
				207E91671D87B20600EECF1D /* ZoomViewController.swift in Sources */,
				207E91691D87B49100EECF1D /* PageControlViewController.swift in Sources */,
				20691B671AE7F9A50045627D /* RootViewController.m in Sources */,
				207E91151D875CFB00EECF1D /* SmoothAnimationViewController.swift in Sources */,
			);
			runOnlyForDeploymentPostprocessing = 0;
		};
/* End PBXSourcesBuildPhase section */

/* Begin PBXTargetDependency section */
		207E912A1D87675E00EECF1D /* PBXTargetDependency */ = {
			isa = PBXTargetDependency;
			name = curryfire;
			targetProxy = 207E91291D87675E00EECF1D /* PBXContainerItemProxy */;
		};
/* End PBXTargetDependency section */

/* Begin XCBuildConfiguration section */
		2069BBC91AE0996900F6D355 /* Debug */ = {
			isa = XCBuildConfiguration;
			buildSettings = {
				ALWAYS_SEARCH_USER_PATHS = NO;
				CLANG_ALLOW_NON_MODULAR_INCLUDES_IN_FRAMEWORK_MODULES = YES;
				CLANG_CXX_LANGUAGE_STANDARD = "gnu++0x";
				CLANG_CXX_LIBRARY = "libc++";
				CLANG_ENABLE_MODULES = YES;
				CLANG_ENABLE_OBJC_ARC = YES;
				CLANG_WARN_BOOL_CONVERSION = YES;
				CLANG_WARN_CONSTANT_CONVERSION = YES;
				CLANG_WARN_DIRECT_OBJC_ISA_USAGE = YES_ERROR;
				CLANG_WARN_EMPTY_BODY = YES;
				CLANG_WARN_ENUM_CONVERSION = YES;
				CLANG_WARN_INFINITE_RECURSION = YES;
				CLANG_WARN_INT_CONVERSION = YES;
				CLANG_WARN_OBJC_ROOT_CLASS = YES_ERROR;
				CLANG_WARN_SUSPICIOUS_MOVE = YES;
				CLANG_WARN_UNREACHABLE_CODE = YES;
				CLANG_WARN__DUPLICATE_METHOD_MATCH = YES;
				"CODE_SIGN_IDENTITY[sdk=iphoneos*]" = "iPhone Developer";
				COPY_PHASE_STRIP = NO;
				DEBUG_INFORMATION_FORMAT = "dwarf-with-dsym";
				ENABLE_STRICT_OBJC_MSGSEND = YES;
				ENABLE_TESTABILITY = YES;
				GCC_C_LANGUAGE_STANDARD = gnu99;
				GCC_DYNAMIC_NO_PIC = NO;
				GCC_NO_COMMON_BLOCKS = YES;
				GCC_OPTIMIZATION_LEVEL = 0;
				GCC_PREPROCESSOR_DEFINITIONS = (
					"DEBUG=1",
					"$(inherited)",
				);
				GCC_SYMBOLS_PRIVATE_EXTERN = NO;
				GCC_WARN_64_TO_32_BIT_CONVERSION = YES;
				GCC_WARN_ABOUT_RETURN_TYPE = YES_ERROR;
				GCC_WARN_UNDECLARED_SELECTOR = YES;
				GCC_WARN_UNINITIALIZED_AUTOS = YES_AGGRESSIVE;
				GCC_WARN_UNUSED_FUNCTION = YES;
				GCC_WARN_UNUSED_VARIABLE = YES;
				IPHONEOS_DEPLOYMENT_TARGET = 8.3;
				MTL_ENABLE_DEBUG_INFO = YES;
				ONLY_ACTIVE_ARCH = YES;
				SDKROOT = iphoneos;
			};
			name = Debug;
		};
		2069BBCA1AE0996900F6D355 /* Release */ = {
			isa = XCBuildConfiguration;
			buildSettings = {
				ALWAYS_SEARCH_USER_PATHS = NO;
				CLANG_ALLOW_NON_MODULAR_INCLUDES_IN_FRAMEWORK_MODULES = YES;
				CLANG_CXX_LANGUAGE_STANDARD = "gnu++0x";
				CLANG_CXX_LIBRARY = "libc++";
				CLANG_ENABLE_MODULES = YES;
				CLANG_ENABLE_OBJC_ARC = YES;
				CLANG_WARN_BOOL_CONVERSION = YES;
				CLANG_WARN_CONSTANT_CONVERSION = YES;
				CLANG_WARN_DIRECT_OBJC_ISA_USAGE = YES_ERROR;
				CLANG_WARN_EMPTY_BODY = YES;
				CLANG_WARN_ENUM_CONVERSION = YES;
				CLANG_WARN_INFINITE_RECURSION = YES;
				CLANG_WARN_INT_CONVERSION = YES;
				CLANG_WARN_OBJC_ROOT_CLASS = YES_ERROR;
				CLANG_WARN_SUSPICIOUS_MOVE = YES;
				CLANG_WARN_UNREACHABLE_CODE = YES;
				CLANG_WARN__DUPLICATE_METHOD_MATCH = YES;
				"CODE_SIGN_IDENTITY[sdk=iphoneos*]" = "iPhone Developer";
				COPY_PHASE_STRIP = NO;
				DEBUG_INFORMATION_FORMAT = "dwarf-with-dsym";
				ENABLE_NS_ASSERTIONS = NO;
				ENABLE_STRICT_OBJC_MSGSEND = YES;
				GCC_C_LANGUAGE_STANDARD = gnu99;
				GCC_NO_COMMON_BLOCKS = YES;
				GCC_WARN_64_TO_32_BIT_CONVERSION = YES;
				GCC_WARN_ABOUT_RETURN_TYPE = YES_ERROR;
				GCC_WARN_UNDECLARED_SELECTOR = YES;
				GCC_WARN_UNINITIALIZED_AUTOS = YES_AGGRESSIVE;
				GCC_WARN_UNUSED_FUNCTION = YES;
				GCC_WARN_UNUSED_VARIABLE = YES;
				IPHONEOS_DEPLOYMENT_TARGET = 8.3;
				MTL_ENABLE_DEBUG_INFO = NO;
				SDKROOT = iphoneos;
				SWIFT_OPTIMIZATION_LEVEL = "-Owholemodule";
				VALIDATE_PRODUCT = YES;
			};
			name = Release;
		};
		2069BBCC1AE0996900F6D355 /* Debug */ = {
			isa = XCBuildConfiguration;
			buildSettings = {
				ASSETCATALOG_COMPILER_APPICON_NAME = AppIcon;
				ASSETCATALOG_COMPILER_LAUNCHIMAGE_NAME = LaunchImage;
				CLANG_ALLOW_NON_MODULAR_INCLUDES_IN_FRAMEWORK_MODULES = YES;
				CLANG_ENABLE_MODULES = YES;
				CODE_SIGN_IDENTITY = "iPhone Developer";
				DEVELOPMENT_TEAM = "";
				FRAMEWORK_SEARCH_PATHS = "$(inherited)";
				INFOPLIST_FILE = Examples/Info.plist;
				IPHONEOS_DEPLOYMENT_TARGET = 8.0;
				LD_RUNPATH_SEARCH_PATHS = "$(inherited) @executable_path/Frameworks";
				PRODUCT_BUNDLE_IDENTIFIER = com.devinross.curryfire.Examples;
				PRODUCT_NAME = "$(TARGET_NAME)";
				SWIFT_OBJC_BRIDGING_HEADER = "Examples/Examples-Bridging-Header.h";
				SWIFT_OPTIMIZATION_LEVEL = "-Onone";
				SWIFT_VERSION = 3.0;
			};
			name = Debug;
		};
		2069BBCD1AE0996900F6D355 /* Release */ = {
			isa = XCBuildConfiguration;
			buildSettings = {
				ASSETCATALOG_COMPILER_APPICON_NAME = AppIcon;
				ASSETCATALOG_COMPILER_LAUNCHIMAGE_NAME = LaunchImage;
				CLANG_ALLOW_NON_MODULAR_INCLUDES_IN_FRAMEWORK_MODULES = YES;
				CLANG_ENABLE_MODULES = YES;
				CODE_SIGN_IDENTITY = "iPhone Developer";
				"CODE_SIGN_IDENTITY[sdk=iphoneos*]" = "iPhone Developer";
				DEVELOPMENT_TEAM = "";
				FRAMEWORK_SEARCH_PATHS = "$(inherited)";
				INFOPLIST_FILE = Examples/Info.plist;
				IPHONEOS_DEPLOYMENT_TARGET = 8.0;
				LD_RUNPATH_SEARCH_PATHS = "$(inherited) @executable_path/Frameworks";
				PRODUCT_BUNDLE_IDENTIFIER = com.devinross.curryfire.Examples;
				PRODUCT_NAME = "$(TARGET_NAME)";
				SWIFT_OBJC_BRIDGING_HEADER = "Examples/Examples-Bridging-Header.h";
				SWIFT_VERSION = 3.0;
			};
			name = Release;
		};
/* End XCBuildConfiguration section */

/* Begin XCConfigurationList section */
		2069BBA31AE0996800F6D355 /* Build configuration list for PBXProject "Examples" */ = {
			isa = XCConfigurationList;
			buildConfigurations = (
				2069BBC91AE0996900F6D355 /* Debug */,
				2069BBCA1AE0996900F6D355 /* Release */,
			);
			defaultConfigurationIsVisible = 0;
			defaultConfigurationName = Release;
		};
		2069BBCB1AE0996900F6D355 /* Build configuration list for PBXNativeTarget "Examples" */ = {
			isa = XCConfigurationList;
			buildConfigurations = (
				2069BBCC1AE0996900F6D355 /* Debug */,
				2069BBCD1AE0996900F6D355 /* Release */,
			);
			defaultConfigurationIsVisible = 0;
			defaultConfigurationName = Release;
		};
/* End XCConfigurationList section */
	};
	rootObject = 2069BBA01AE0996800F6D355 /* Project object */;
}
